<?xml version="1.0" encoding="utf-8"?>
<Project ToolsVersion="4.0" xmlns="http://schemas.microsoft.com/developer/msbuild/2003">
  <ItemGroup>
    <Filter Include="Archivos de origen">
      <UniqueIdentifier>{4FC737F1-C7A5-4376-A066-2A32D752A2FF}</UniqueIdentifier>
      <Extensions>cpp;c;cc;cxx;c++;cppm;ixx;def;odl;idl;hpj;bat;asm;asmx</Extensions>
    </Filter>
    <Filter Include="Archivos de encabezado">
      <UniqueIdentifier>{93995380-89BD-4b04-88EB-625FBE52EBFB}</UniqueIdentifier>
      <Extensions>h;hh;hpp;hxx;h++;hm;inl;inc;ipp;xsd</Extensions>
    </Filter>
    <Filter Include="Archivos de recursos">
      <UniqueIdentifier>{67DA6AB6-F800-4c08-8B7A-83BB121AAD01}</UniqueIdentifier>
      <Extensions>rc;ico;cur;bmp;dlg;rc2;rct;bin;rgs;gif;jpg;jpeg;jpe;resx;tiff;tif;png;wav;mfcribbon-ms</Extensions>
    </Filter>
    <Filter Include="UI">
      <UniqueIdentifier>{4e766ed7-7a64-4b40-9041-7fcc4a40f52d}</UniqueIdentifier>
    </Filter>
    <Filter Include="Resources">
      <UniqueIdentifier>{47383943-31fc-46f9-b98b-f435fcbf556d}</UniqueIdentifier>
    </Filter>
  </ItemGroup>
  <ItemGroup>
    <ClInclude Include="..\..\src\EDEN_Render\RenderManager.h">
      <Filter>Archivos de encabezado</Filter>
    </ClInclude>
    <ClInclude Include="..\..\src\EDEN_Render\UI\Image.h">
      <Filter>UI</Filter>
    </ClInclude>
    <ClInclude Include="..\..\src\EDEN_Render\UI\Resources\Font.h">
      <Filter>Resources</Filter>
    </ClInclude>
    <ClInclude Include="..\..\src\EDEN_Render\UI\Resources\macros.h">
      <Filter>Resources</Filter>
    </ClInclude>
    <ClInclude Include="..\..\src\EDEN_Render\UI\Resources\SDL_image.h">
      <Filter>Resources</Filter>
    </ClInclude>
    <ClInclude Include="..\..\src\EDEN_Render\UI\Resources\SDL_ttf.h">
      <Filter>Resources</Filter>
    </ClInclude>
    <ClInclude Include="..\..\src\EDEN_Render\UI\Resources\Texture.h">
      <Filter>Resources</Filter>
    </ClInclude>
    <ClInclude Include="..\..\src\EDEN_Render\UI\Resources\Vector2D.h">
      <Filter>Resources</Filter>
    </ClInclude>
  </ItemGroup>
  <ItemGroup>
    <ClCompile Include="..\..\src\EDEN_Render\RenderManager.cpp">
      <Filter>Archivos de origen</Filter>
    </ClCompile>
    <ClCompile Include="..\..\src\EDEN_Render\UI\Image.cpp">
      <Filter>UI</Filter>
    </ClCompile>
    <ClCompile Include="..\..\src\EDEN_Render\UI\Resources\Texture.cpp">
      <Filter>Resources</Filter>
    </ClCompile>
    <ClCompile Include="..\..\src\EDEN_Render\UI\Resources\Vector2D.cpp">
      <Filter>Resources</Filter>
    </ClCompile>
  </ItemGroup>
</Project>