// !$*UTF8*$!
{
	archiveVersion = 1;
	classes = {
	};
	objectVersion = 56;
	objects = {

/* Begin PBXBuildFile section */
		D72618D52B874C9000DCD1A3 /* Component.cpp in Sources */ = {isa = PBXBuildFile; fileRef = D72618D32B874C8700DCD1A3 /* Component.cpp */; };
		D72618D62B874C9000DCD1A3 /* Component.h in Sources */ = {isa = PBXBuildFile; fileRef = D72618D42B874C8700DCD1A3 /* Component.h */; };
		D72618D72B874C9000DCD1A3 /* ComponentFactory.cpp in Sources */ = {isa = PBXBuildFile; fileRef = D72618CD2B874C8600DCD1A3 /* ComponentFactory.cpp */; };
		D72618D82B874C9000DCD1A3 /* ComponentFactory.h in Sources */ = {isa = PBXBuildFile; fileRef = D72618CA2B874C8600DCD1A3 /* ComponentFactory.h */; };
		D72618D92B874C9000DCD1A3 /* Entity.cpp in Sources */ = {isa = PBXBuildFile; fileRef = D72618D22B874C8700DCD1A3 /* Entity.cpp */; };
		D72618DA2B874C9000DCD1A3 /* Entity.h in Sources */ = {isa = PBXBuildFile; fileRef = D72618C92B874C8600DCD1A3 /* Entity.h */; };
		D72618DB2B874C9000DCD1A3 /* Quaternion.cpp in Sources */ = {isa = PBXBuildFile; fileRef = D72618CE2B874C8600DCD1A3 /* Quaternion.cpp */; };
		D72618DC2B874C9000DCD1A3 /* Quaternion.h in Sources */ = {isa = PBXBuildFile; fileRef = D72618CB2B874C8600DCD1A3 /* Quaternion.h */; };
		D72618DD2B874C9000DCD1A3 /* TestComponent.cpp in Sources */ = {isa = PBXBuildFile; fileRef = D72618D12B874C8700DCD1A3 /* TestComponent.cpp */; };
		D72618DE2B874C9000DCD1A3 /* TestComponent.h in Sources */ = {isa = PBXBuildFile; fileRef = D72618CF2B874C8700DCD1A3 /* TestComponent.h */; };
		D72618DF2B874C9000DCD1A3 /* Transform.cpp in Sources */ = {isa = PBXBuildFile; fileRef = D72618CC2B874C8600DCD1A3 /* Transform.cpp */; };
		D72618E02B874C9000DCD1A3 /* Transform.h in Sources */ = {isa = PBXBuildFile; fileRef = D72618D02B874C8700DCD1A3 /* Transform.h */; };
		D72618E12B874C9000DCD1A3 /* EdenMaster.cpp in Sources */ = {isa = PBXBuildFile; fileRef = D71C753B2B8585DC00F406CC /* EdenMaster.cpp */; };
		D72618E22B874C9000DCD1A3 /* EdenMaster.h in Sources */ = {isa = PBXBuildFile; fileRef = D71C75372B8585DC00F406CC /* EdenMaster.h */; };
		D72618E32B874C9000DCD1A3 /* main.cpp in Sources */ = {isa = PBXBuildFile; fileRef = D71C753A2B8585DC00F406CC /* main.cpp */; };
		D72618E42B874C9000DCD1A3 /* Singleton.h in Sources */ = {isa = PBXBuildFile; fileRef = D71C75392B8585DC00F406CC /* Singleton.h */; };
		D72618E52B874C9000DCD1A3 /* Vector3.cpp in Sources */ = {isa = PBXBuildFile; fileRef = D71C75382B8585DC00F406CC /* Vector3.cpp */; };
		D72618E62B874C9000DCD1A3 /* Vector3.h in Sources */ = {isa = PBXBuildFile; fileRef = D71C753C2B8585DC00F406CC /* Vector3.h */; };
		D72618E72B874C9700DCD1A3 /* Component.cpp in Sources */ = {isa = PBXBuildFile; fileRef = D72618D32B874C8700DCD1A3 /* Component.cpp */; };
		D72618E82B874C9700DCD1A3 /* Component.h in Sources */ = {isa = PBXBuildFile; fileRef = D72618D42B874C8700DCD1A3 /* Component.h */; };
		D72618E92B874C9700DCD1A3 /* ComponentFactory.cpp in Sources */ = {isa = PBXBuildFile; fileRef = D72618CD2B874C8600DCD1A3 /* ComponentFactory.cpp */; };
		D72618EA2B874C9700DCD1A3 /* ComponentFactory.h in Sources */ = {isa = PBXBuildFile; fileRef = D72618CA2B874C8600DCD1A3 /* ComponentFactory.h */; };
		D72618EB2B874C9700DCD1A3 /* Entity.cpp in Sources */ = {isa = PBXBuildFile; fileRef = D72618D22B874C8700DCD1A3 /* Entity.cpp */; };
		D72618EC2B874C9700DCD1A3 /* Entity.h in Sources */ = {isa = PBXBuildFile; fileRef = D72618C92B874C8600DCD1A3 /* Entity.h */; };
		D72618ED2B874C9700DCD1A3 /* Quaternion.cpp in Sources */ = {isa = PBXBuildFile; fileRef = D72618CE2B874C8600DCD1A3 /* Quaternion.cpp */; };
		D72618EE2B874C9700DCD1A3 /* Quaternion.h in Sources */ = {isa = PBXBuildFile; fileRef = D72618CB2B874C8600DCD1A3 /* Quaternion.h */; };
		D72618EF2B874C9700DCD1A3 /* TestComponent.cpp in Sources */ = {isa = PBXBuildFile; fileRef = D72618D12B874C8700DCD1A3 /* TestComponent.cpp */; };
		D72618F02B874C9700DCD1A3 /* TestComponent.h in Sources */ = {isa = PBXBuildFile; fileRef = D72618CF2B874C8700DCD1A3 /* TestComponent.h */; };
		D72618F12B874C9700DCD1A3 /* Transform.cpp in Sources */ = {isa = PBXBuildFile; fileRef = D72618CC2B874C8600DCD1A3 /* Transform.cpp */; };
		D72618F22B874C9700DCD1A3 /* Transform.h in Sources */ = {isa = PBXBuildFile; fileRef = D72618D02B874C8700DCD1A3 /* Transform.h */; };
		D73F5FD92B863D2700E7188C /* Codec_STBI.14.1.dylib in Frameworks */ = {isa = PBXBuildFile; fileRef = D73F5EB52B862FBB00E7188C /* Codec_STBI.14.1.dylib */; };
		D73F5FDA2B863D2700E7188C /* Codec_STBI.14.1.dylib in Embed Libraries */ = {isa = PBXBuildFile; fileRef = D73F5EB52B862FBB00E7188C /* Codec_STBI.14.1.dylib */; settings = {ATTRIBUTES = (CodeSignOnCopy, ); }; };
		D73F5FDB2B863D2700E7188C /* libOgreMain.14.1.dylib in Frameworks */ = {isa = PBXBuildFile; fileRef = D73F5EB92B862FBB00E7188C /* libOgreMain.14.1.dylib */; };
		D73F5FDC2B863D2700E7188C /* libOgreMain.14.1.dylib in Embed Libraries */ = {isa = PBXBuildFile; fileRef = D73F5EB92B862FBB00E7188C /* libOgreMain.14.1.dylib */; settings = {ATTRIBUTES = (CodeSignOnCopy, ); }; };
		D73F5FDD2B863D2700E7188C /* libOgreMeshLodGenerator.14.1.dylib in Frameworks */ = {isa = PBXBuildFile; fileRef = D73F5EB82B862FBB00E7188C /* libOgreMeshLodGenerator.14.1.dylib */; };
		D73F5FDE2B863D2700E7188C /* libOgreMeshLodGenerator.14.1.dylib in Embed Libraries */ = {isa = PBXBuildFile; fileRef = D73F5EB82B862FBB00E7188C /* libOgreMeshLodGenerator.14.1.dylib */; settings = {ATTRIBUTES = (CodeSignOnCopy, ); }; };
		D73F5FDF2B863D2700E7188C /* libOgreOverlay.14.1.dylib in Frameworks */ = {isa = PBXBuildFile; fileRef = D73F5EAF2B862FBB00E7188C /* libOgreOverlay.14.1.dylib */; };
		D73F5FE02B863D2700E7188C /* libOgreOverlay.14.1.dylib in Embed Libraries */ = {isa = PBXBuildFile; fileRef = D73F5EAF2B862FBB00E7188C /* libOgreOverlay.14.1.dylib */; settings = {ATTRIBUTES = (CodeSignOnCopy, ); }; };
		D73F5FE12B863D2700E7188C /* libOgrePaging.14.1.dylib in Frameworks */ = {isa = PBXBuildFile; fileRef = D73F5EBC2B862FBB00E7188C /* libOgrePaging.14.1.dylib */; };
		D73F5FE22B863D2700E7188C /* libOgrePaging.14.1.dylib in Embed Libraries */ = {isa = PBXBuildFile; fileRef = D73F5EBC2B862FBB00E7188C /* libOgrePaging.14.1.dylib */; settings = {ATTRIBUTES = (CodeSignOnCopy, ); }; };
		D73F5FE32B863D2700E7188C /* libOgreProperty.14.1.dylib in Frameworks */ = {isa = PBXBuildFile; fileRef = D73F5EB42B862FBB00E7188C /* libOgreProperty.14.1.dylib */; };
		D73F5FE42B863D2700E7188C /* libOgreProperty.14.1.dylib in Embed Libraries */ = {isa = PBXBuildFile; fileRef = D73F5EB42B862FBB00E7188C /* libOgreProperty.14.1.dylib */; settings = {ATTRIBUTES = (CodeSignOnCopy, ); }; };
		D73F5FE52B863D2700E7188C /* libOgreRTShaderSystem.14.1.dylib in Frameworks */ = {isa = PBXBuildFile; fileRef = D73F5EB32B862FBB00E7188C /* libOgreRTShaderSystem.14.1.dylib */; };
		D73F5FE62B863D2700E7188C /* libOgreRTShaderSystem.14.1.dylib in Embed Libraries */ = {isa = PBXBuildFile; fileRef = D73F5EB32B862FBB00E7188C /* libOgreRTShaderSystem.14.1.dylib */; settings = {ATTRIBUTES = (CodeSignOnCopy, ); }; };
		D73F5FE72B863D2700E7188C /* libOgreTerrain.14.1.dylib in Frameworks */ = {isa = PBXBuildFile; fileRef = D73F5EB22B862FBB00E7188C /* libOgreTerrain.14.1.dylib */; };
		D73F5FE82B863D2700E7188C /* libOgreTerrain.14.1.dylib in Embed Libraries */ = {isa = PBXBuildFile; fileRef = D73F5EB22B862FBB00E7188C /* libOgreTerrain.14.1.dylib */; settings = {ATTRIBUTES = (CodeSignOnCopy, ); }; };
		D73F5FE92B863D2700E7188C /* libOgreVolume.14.1.dylib in Frameworks */ = {isa = PBXBuildFile; fileRef = D73F5EB72B862FBB00E7188C /* libOgreVolume.14.1.dylib */; };
		D73F5FEA2B863D2700E7188C /* libOgreVolume.14.1.dylib in Embed Libraries */ = {isa = PBXBuildFile; fileRef = D73F5EB72B862FBB00E7188C /* libOgreVolume.14.1.dylib */; settings = {ATTRIBUTES = (CodeSignOnCopy, ); }; };
		D73F5FEB2B863D2700E7188C /* Plugin_BSPSceneManager.14.1.dylib in Frameworks */ = {isa = PBXBuildFile; fileRef = D73F5EAC2B862FBB00E7188C /* Plugin_BSPSceneManager.14.1.dylib */; };
		D73F5FEC2B863D2700E7188C /* Plugin_BSPSceneManager.14.1.dylib in Embed Libraries */ = {isa = PBXBuildFile; fileRef = D73F5EAC2B862FBB00E7188C /* Plugin_BSPSceneManager.14.1.dylib */; settings = {ATTRIBUTES = (CodeSignOnCopy, ); }; };
		D73F5FED2B863D2700E7188C /* Plugin_DotScene.14.1.dylib in Frameworks */ = {isa = PBXBuildFile; fileRef = D73F5EBB2B862FBB00E7188C /* Plugin_DotScene.14.1.dylib */; };
		D73F5FEE2B863D2700E7188C /* Plugin_DotScene.14.1.dylib in Embed Libraries */ = {isa = PBXBuildFile; fileRef = D73F5EBB2B862FBB00E7188C /* Plugin_DotScene.14.1.dylib */; settings = {ATTRIBUTES = (CodeSignOnCopy, ); }; };
		D73F5FEF2B863D2700E7188C /* Plugin_OctreeSceneManager.14.1.dylib in Frameworks */ = {isa = PBXBuildFile; fileRef = D73F5EB62B862FBB00E7188C /* Plugin_OctreeSceneManager.14.1.dylib */; };
		D73F5FF02B863D2700E7188C /* Plugin_OctreeSceneManager.14.1.dylib in Embed Libraries */ = {isa = PBXBuildFile; fileRef = D73F5EB62B862FBB00E7188C /* Plugin_OctreeSceneManager.14.1.dylib */; settings = {ATTRIBUTES = (CodeSignOnCopy, ); }; };
		D73F5FF12B863D2700E7188C /* Plugin_OctreeZone.14.1.dylib in Frameworks */ = {isa = PBXBuildFile; fileRef = D73F5EBA2B862FBB00E7188C /* Plugin_OctreeZone.14.1.dylib */; };
		D73F5FF22B863D2700E7188C /* Plugin_OctreeZone.14.1.dylib in Embed Libraries */ = {isa = PBXBuildFile; fileRef = D73F5EBA2B862FBB00E7188C /* Plugin_OctreeZone.14.1.dylib */; settings = {ATTRIBUTES = (CodeSignOnCopy, ); }; };
		D73F5FF32B863D2700E7188C /* Plugin_ParticleFX.14.1.dylib in Frameworks */ = {isa = PBXBuildFile; fileRef = D73F5EAE2B862FBB00E7188C /* Plugin_ParticleFX.14.1.dylib */; };
		D73F5FF42B863D2700E7188C /* Plugin_ParticleFX.14.1.dylib in Embed Libraries */ = {isa = PBXBuildFile; fileRef = D73F5EAE2B862FBB00E7188C /* Plugin_ParticleFX.14.1.dylib */; settings = {ATTRIBUTES = (CodeSignOnCopy, ); }; };
		D73F5FF52B863D2700E7188C /* Plugin_PCZSceneManager.14.1.dylib in Frameworks */ = {isa = PBXBuildFile; fileRef = D73F5EAD2B862FBB00E7188C /* Plugin_PCZSceneManager.14.1.dylib */; };
		D73F5FF62B863D2700E7188C /* Plugin_PCZSceneManager.14.1.dylib in Embed Libraries */ = {isa = PBXBuildFile; fileRef = D73F5EAD2B862FBB00E7188C /* Plugin_PCZSceneManager.14.1.dylib */; settings = {ATTRIBUTES = (CodeSignOnCopy, ); }; };
		D73F5FF72B863D2700E7188C /* RenderSystem_GL.14.1.dylib in Frameworks */ = {isa = PBXBuildFile; fileRef = D73F5EB12B862FBB00E7188C /* RenderSystem_GL.14.1.dylib */; };
		D73F5FF82B863D2700E7188C /* RenderSystem_GL.14.1.dylib in Embed Libraries */ = {isa = PBXBuildFile; fileRef = D73F5EB12B862FBB00E7188C /* RenderSystem_GL.14.1.dylib */; settings = {ATTRIBUTES = (CodeSignOnCopy, ); }; };
		D73F5FF92B863D2700E7188C /* RenderSystem_GL3Plus.14.1.dylib in Frameworks */ = {isa = PBXBuildFile; fileRef = D73F5EB02B862FBB00E7188C /* RenderSystem_GL3Plus.14.1.dylib */; };
		D73F5FFA2B863D2700E7188C /* RenderSystem_GL3Plus.14.1.dylib in Embed Libraries */ = {isa = PBXBuildFile; fileRef = D73F5EB02B862FBB00E7188C /* RenderSystem_GL3Plus.14.1.dylib */; settings = {ATTRIBUTES = (CodeSignOnCopy, ); }; };
		D73F60072B863D9900E7188C /* Codec_STBI.14.1.dylib in Frameworks */ = {isa = PBXBuildFile; fileRef = D73F5F422B8638F400E7188C /* Codec_STBI.14.1.dylib */; };
		D73F60082B863D9900E7188C /* Codec_STBI.14.1.dylib in Embed Libraries */ = {isa = PBXBuildFile; fileRef = D73F5F422B8638F400E7188C /* Codec_STBI.14.1.dylib */; settings = {ATTRIBUTES = (CodeSignOnCopy, ); }; };
		D73F60092B863D9900E7188C /* libOgreMain.14.1.dylib in Frameworks */ = {isa = PBXBuildFile; fileRef = D73F5F432B8638F400E7188C /* libOgreMain.14.1.dylib */; };
		D73F600A2B863D9900E7188C /* libOgreMain.14.1.dylib in Embed Libraries */ = {isa = PBXBuildFile; fileRef = D73F5F432B8638F400E7188C /* libOgreMain.14.1.dylib */; settings = {ATTRIBUTES = (CodeSignOnCopy, ); }; };
		D73F600B2B863D9900E7188C /* libOgreMeshLodGenerator.14.1.dylib in Frameworks */ = {isa = PBXBuildFile; fileRef = D73F5F402B8638F400E7188C /* libOgreMeshLodGenerator.14.1.dylib */; };
		D73F600C2B863D9900E7188C /* libOgreMeshLodGenerator.14.1.dylib in Embed Libraries */ = {isa = PBXBuildFile; fileRef = D73F5F402B8638F400E7188C /* libOgreMeshLodGenerator.14.1.dylib */; settings = {ATTRIBUTES = (CodeSignOnCopy, ); }; };
		D73F600D2B863D9900E7188C /* libOgreOverlay.14.1.dylib in Frameworks */ = {isa = PBXBuildFile; fileRef = D73F5F462B8638F400E7188C /* libOgreOverlay.14.1.dylib */; };
		D73F600E2B863D9900E7188C /* libOgreOverlay.14.1.dylib in Embed Libraries */ = {isa = PBXBuildFile; fileRef = D73F5F462B8638F400E7188C /* libOgreOverlay.14.1.dylib */; settings = {ATTRIBUTES = (CodeSignOnCopy, ); }; };
		D73F600F2B863D9900E7188C /* libOgrePaging.14.1.dylib in Frameworks */ = {isa = PBXBuildFile; fileRef = D73F5F492B8638F400E7188C /* libOgrePaging.14.1.dylib */; };
		D73F60102B863D9900E7188C /* libOgrePaging.14.1.dylib in Embed Libraries */ = {isa = PBXBuildFile; fileRef = D73F5F492B8638F400E7188C /* libOgrePaging.14.1.dylib */; settings = {ATTRIBUTES = (CodeSignOnCopy, ); }; };
		D73F60112B863D9900E7188C /* libOgreProperty.14.1.dylib in Frameworks */ = {isa = PBXBuildFile; fileRef = D73F5F3D2B8638F400E7188C /* libOgreProperty.14.1.dylib */; };
		D73F60122B863D9900E7188C /* libOgreProperty.14.1.dylib in Embed Libraries */ = {isa = PBXBuildFile; fileRef = D73F5F3D2B8638F400E7188C /* libOgreProperty.14.1.dylib */; settings = {ATTRIBUTES = (CodeSignOnCopy, ); }; };
		D73F60132B863D9900E7188C /* libOgreRTShaderSystem.14.1.dylib in Frameworks */ = {isa = PBXBuildFile; fileRef = D73F5F472B8638F400E7188C /* libOgreRTShaderSystem.14.1.dylib */; };
		D73F60142B863D9900E7188C /* libOgreRTShaderSystem.14.1.dylib in Embed Libraries */ = {isa = PBXBuildFile; fileRef = D73F5F472B8638F400E7188C /* libOgreRTShaderSystem.14.1.dylib */; settings = {ATTRIBUTES = (CodeSignOnCopy, ); }; };
		D73F60152B863D9900E7188C /* libOgreTerrain.14.1.dylib in Frameworks */ = {isa = PBXBuildFile; fileRef = D73F5F442B8638F400E7188C /* libOgreTerrain.14.1.dylib */; };
		D73F60162B863D9900E7188C /* libOgreTerrain.14.1.dylib in Embed Libraries */ = {isa = PBXBuildFile; fileRef = D73F5F442B8638F400E7188C /* libOgreTerrain.14.1.dylib */; settings = {ATTRIBUTES = (CodeSignOnCopy, ); }; };
		D73F60172B863D9900E7188C /* libOgreVolume.14.1.dylib in Frameworks */ = {isa = PBXBuildFile; fileRef = D73F5F452B8638F400E7188C /* libOgreVolume.14.1.dylib */; };
		D73F60182B863D9900E7188C /* libOgreVolume.14.1.dylib in Embed Libraries */ = {isa = PBXBuildFile; fileRef = D73F5F452B8638F400E7188C /* libOgreVolume.14.1.dylib */; settings = {ATTRIBUTES = (CodeSignOnCopy, ); }; };
		D73F60192B863D9900E7188C /* Plugin_BSPSceneManager.14.1.dylib in Frameworks */ = {isa = PBXBuildFile; fileRef = D73F5F3E2B8638F400E7188C /* Plugin_BSPSceneManager.14.1.dylib */; };
		D73F601A2B863D9900E7188C /* Plugin_BSPSceneManager.14.1.dylib in Embed Libraries */ = {isa = PBXBuildFile; fileRef = D73F5F3E2B8638F400E7188C /* Plugin_BSPSceneManager.14.1.dylib */; settings = {ATTRIBUTES = (CodeSignOnCopy, ); }; };
		D73F601B2B863D9900E7188C /* Plugin_DotScene.14.1.dylib in Frameworks */ = {isa = PBXBuildFile; fileRef = D73F5F412B8638F400E7188C /* Plugin_DotScene.14.1.dylib */; };
		D73F601C2B863D9900E7188C /* Plugin_DotScene.14.1.dylib in Embed Libraries */ = {isa = PBXBuildFile; fileRef = D73F5F412B8638F400E7188C /* Plugin_DotScene.14.1.dylib */; settings = {ATTRIBUTES = (CodeSignOnCopy, ); }; };
		D73F601D2B863D9900E7188C /* Plugin_OctreeSceneManager.14.1.dylib in Frameworks */ = {isa = PBXBuildFile; fileRef = D73F5F4B2B8638F400E7188C /* Plugin_OctreeSceneManager.14.1.dylib */; };
		D73F601E2B863D9900E7188C /* Plugin_OctreeSceneManager.14.1.dylib in Embed Libraries */ = {isa = PBXBuildFile; fileRef = D73F5F4B2B8638F400E7188C /* Plugin_OctreeSceneManager.14.1.dylib */; settings = {ATTRIBUTES = (CodeSignOnCopy, ); }; };
		D73F601F2B863D9900E7188C /* Plugin_OctreeZone.14.1.dylib in Frameworks */ = {isa = PBXBuildFile; fileRef = D73F5F3C2B8638F400E7188C /* Plugin_OctreeZone.14.1.dylib */; };
		D73F60202B863D9900E7188C /* Plugin_OctreeZone.14.1.dylib in Embed Libraries */ = {isa = PBXBuildFile; fileRef = D73F5F3C2B8638F400E7188C /* Plugin_OctreeZone.14.1.dylib */; settings = {ATTRIBUTES = (CodeSignOnCopy, ); }; };
		D73F60212B863D9900E7188C /* Plugin_ParticleFX.14.1.dylib in Frameworks */ = {isa = PBXBuildFile; fileRef = D73F5F3B2B8638F400E7188C /* Plugin_ParticleFX.14.1.dylib */; };
		D73F60222B863D9900E7188C /* Plugin_ParticleFX.14.1.dylib in Embed Libraries */ = {isa = PBXBuildFile; fileRef = D73F5F3B2B8638F400E7188C /* Plugin_ParticleFX.14.1.dylib */; settings = {ATTRIBUTES = (CodeSignOnCopy, ); }; };
		D73F60232B863D9900E7188C /* Plugin_PCZSceneManager.14.1.dylib in Frameworks */ = {isa = PBXBuildFile; fileRef = D73F5F4A2B8638F400E7188C /* Plugin_PCZSceneManager.14.1.dylib */; };
		D73F60242B863D9900E7188C /* Plugin_PCZSceneManager.14.1.dylib in Embed Libraries */ = {isa = PBXBuildFile; fileRef = D73F5F4A2B8638F400E7188C /* Plugin_PCZSceneManager.14.1.dylib */; settings = {ATTRIBUTES = (CodeSignOnCopy, ); }; };
		D73F60252B863D9900E7188C /* RenderSystem_GL.14.1.dylib in Frameworks */ = {isa = PBXBuildFile; fileRef = D73F5F482B8638F400E7188C /* RenderSystem_GL.14.1.dylib */; };
		D73F60262B863D9900E7188C /* RenderSystem_GL.14.1.dylib in Embed Libraries */ = {isa = PBXBuildFile; fileRef = D73F5F482B8638F400E7188C /* RenderSystem_GL.14.1.dylib */; settings = {ATTRIBUTES = (CodeSignOnCopy, ); }; };
		D73F60272B863D9900E7188C /* RenderSystem_GL3Plus.14.1.dylib in Frameworks */ = {isa = PBXBuildFile; fileRef = D73F5F3F2B8638F400E7188C /* RenderSystem_GL3Plus.14.1.dylib */; };
		D73F60282B863D9900E7188C /* RenderSystem_GL3Plus.14.1.dylib in Embed Libraries */ = {isa = PBXBuildFile; fileRef = D73F5F3F2B8638F400E7188C /* RenderSystem_GL3Plus.14.1.dylib */; settings = {ATTRIBUTES = (CodeSignOnCopy, ); }; };
		D73F602A2B863DBA00E7188C /* EdenMaster.cpp in Sources */ = {isa = PBXBuildFile; fileRef = D71C753B2B8585DC00F406CC /* EdenMaster.cpp */; };
		D73F602B2B863DBA00E7188C /* EdenMaster.h in Sources */ = {isa = PBXBuildFile; fileRef = D71C75372B8585DC00F406CC /* EdenMaster.h */; };
		D73F602C2B863DBA00E7188C /* main.cpp in Sources */ = {isa = PBXBuildFile; fileRef = D71C753A2B8585DC00F406CC /* main.cpp */; };
		D73F602D2B863DBA00E7188C /* Singleton.h in Sources */ = {isa = PBXBuildFile; fileRef = D71C75392B8585DC00F406CC /* Singleton.h */; };
		D73F602E2B863DBA00E7188C /* Vector3.cpp in Sources */ = {isa = PBXBuildFile; fileRef = D71C75382B8585DC00F406CC /* Vector3.cpp */; };
		D73F602F2B863DBA00E7188C /* Vector3.h in Sources */ = {isa = PBXBuildFile; fileRef = D71C753C2B8585DC00F406CC /* Vector3.h */; };
/* End PBXBuildFile section */

/* Begin PBXCopyFilesBuildPhase section */
		D73F5FB92B863C6F00E7188C /* CopyFiles */ = {
			isa = PBXCopyFilesBuildPhase;
			buildActionMask = 2147483647;
			dstPath = /usr/share/man/man1/;
			dstSubfolderSpec = 0;
			files = (
			);
			runOnlyForDeploymentPostprocessing = 1;
		};
		D73F5FFB2B863D2700E7188C /* Embed Libraries */ = {
			isa = PBXCopyFilesBuildPhase;
			buildActionMask = 2147483647;
			dstPath = "";
			dstSubfolderSpec = 10;
			files = (
				D73F5FDE2B863D2700E7188C /* libOgreMeshLodGenerator.14.1.dylib in Embed Libraries */,
				D73F5FF02B863D2700E7188C /* Plugin_OctreeSceneManager.14.1.dylib in Embed Libraries */,
				D73F5FDA2B863D2700E7188C /* Codec_STBI.14.1.dylib in Embed Libraries */,
				D73F5FEE2B863D2700E7188C /* Plugin_DotScene.14.1.dylib in Embed Libraries */,
				D73F5FE22B863D2700E7188C /* libOgrePaging.14.1.dylib in Embed Libraries */,
				D73F5FF82B863D2700E7188C /* RenderSystem_GL.14.1.dylib in Embed Libraries */,
				D73F5FF22B863D2700E7188C /* Plugin_OctreeZone.14.1.dylib in Embed Libraries */,
				D73F5FFA2B863D2700E7188C /* RenderSystem_GL3Plus.14.1.dylib in Embed Libraries */,
				D73F5FE42B863D2700E7188C /* libOgreProperty.14.1.dylib in Embed Libraries */,
				D73F5FEA2B863D2700E7188C /* libOgreVolume.14.1.dylib in Embed Libraries */,
				D73F5FEC2B863D2700E7188C /* Plugin_BSPSceneManager.14.1.dylib in Embed Libraries */,
				D73F5FDC2B863D2700E7188C /* libOgreMain.14.1.dylib in Embed Libraries */,
				D73F5FE02B863D2700E7188C /* libOgreOverlay.14.1.dylib in Embed Libraries */,
				D73F5FF62B863D2700E7188C /* Plugin_PCZSceneManager.14.1.dylib in Embed Libraries */,
				D73F5FE82B863D2700E7188C /* libOgreTerrain.14.1.dylib in Embed Libraries */,
				D73F5FF42B863D2700E7188C /* Plugin_ParticleFX.14.1.dylib in Embed Libraries */,
				D73F5FE62B863D2700E7188C /* libOgreRTShaderSystem.14.1.dylib in Embed Libraries */,
			);
			name = "Embed Libraries";
			runOnlyForDeploymentPostprocessing = 0;
		};
		D73F5FFE2B863D5A00E7188C /* CopyFiles */ = {
			isa = PBXCopyFilesBuildPhase;
			buildActionMask = 2147483647;
			dstPath = /usr/share/man/man1/;
			dstSubfolderSpec = 0;
			files = (
			);
			runOnlyForDeploymentPostprocessing = 1;
		};
		D73F60292B863D9A00E7188C /* Embed Libraries */ = {
			isa = PBXCopyFilesBuildPhase;
			buildActionMask = 2147483647;
			dstPath = "";
			dstSubfolderSpec = 10;
			files = (
				D73F600C2B863D9900E7188C /* libOgreMeshLodGenerator.14.1.dylib in Embed Libraries */,
				D73F601E2B863D9900E7188C /* Plugin_OctreeSceneManager.14.1.dylib in Embed Libraries */,
				D73F60082B863D9900E7188C /* Codec_STBI.14.1.dylib in Embed Libraries */,
				D73F601C2B863D9900E7188C /* Plugin_DotScene.14.1.dylib in Embed Libraries */,
				D73F60102B863D9900E7188C /* libOgrePaging.14.1.dylib in Embed Libraries */,
				D73F60262B863D9900E7188C /* RenderSystem_GL.14.1.dylib in Embed Libraries */,
				D73F60202B863D9900E7188C /* Plugin_OctreeZone.14.1.dylib in Embed Libraries */,
				D73F60282B863D9900E7188C /* RenderSystem_GL3Plus.14.1.dylib in Embed Libraries */,
				D73F60122B863D9900E7188C /* libOgreProperty.14.1.dylib in Embed Libraries */,
				D73F60182B863D9900E7188C /* libOgreVolume.14.1.dylib in Embed Libraries */,
				D73F601A2B863D9900E7188C /* Plugin_BSPSceneManager.14.1.dylib in Embed Libraries */,
				D73F600A2B863D9900E7188C /* libOgreMain.14.1.dylib in Embed Libraries */,
				D73F600E2B863D9900E7188C /* libOgreOverlay.14.1.dylib in Embed Libraries */,
				D73F60242B863D9900E7188C /* Plugin_PCZSceneManager.14.1.dylib in Embed Libraries */,
				D73F60162B863D9900E7188C /* libOgreTerrain.14.1.dylib in Embed Libraries */,
				D73F60222B863D9900E7188C /* Plugin_ParticleFX.14.1.dylib in Embed Libraries */,
				D73F60142B863D9900E7188C /* libOgreRTShaderSystem.14.1.dylib in Embed Libraries */,
			);
			name = "Embed Libraries";
			runOnlyForDeploymentPostprocessing = 0;
		};
/* End PBXCopyFilesBuildPhase section */

/* Begin PBXFileReference section */
		D71C75372B8585DC00F406CC /* EdenMaster.h */ = {isa = PBXFileReference; fileEncoding = 4; lastKnownFileType = sourcecode.c.h; name = EdenMaster.h; path = ../../src/EDEN/EdenMaster.h; sourceTree = "<group>"; };
		D71C75382B8585DC00F406CC /* Vector3.cpp */ = {isa = PBXFileReference; fileEncoding = 4; lastKnownFileType = sourcecode.cpp.cpp; name = Vector3.cpp; path = ../../src/EDEN/Vector3.cpp; sourceTree = "<group>"; };
		D71C75392B8585DC00F406CC /* Singleton.h */ = {isa = PBXFileReference; fileEncoding = 4; lastKnownFileType = sourcecode.c.h; name = Singleton.h; path = ../../src/EDEN/Singleton.h; sourceTree = "<group>"; };
		D71C753A2B8585DC00F406CC /* main.cpp */ = {isa = PBXFileReference; fileEncoding = 4; lastKnownFileType = sourcecode.cpp.cpp; name = main.cpp; path = ../../src/EDEN/main.cpp; sourceTree = "<group>"; };
		D71C753B2B8585DC00F406CC /* EdenMaster.cpp */ = {isa = PBXFileReference; fileEncoding = 4; lastKnownFileType = sourcecode.cpp.cpp; name = EdenMaster.cpp; path = ../../src/EDEN/EdenMaster.cpp; sourceTree = "<group>"; };
		D71C753C2B8585DC00F406CC /* Vector3.h */ = {isa = PBXFileReference; fileEncoding = 4; lastKnownFileType = sourcecode.c.h; name = Vector3.h; path = ../../src/EDEN/Vector3.h; sourceTree = "<group>"; };
		D72618C92B874C8600DCD1A3 /* Entity.h */ = {isa = PBXFileReference; lastKnownFileType = sourcecode.c.h; name = Entity.h; path = ../../src/EDEN/Entity.h; sourceTree = "<group>"; };
		D72618CA2B874C8600DCD1A3 /* ComponentFactory.h */ = {isa = PBXFileReference; lastKnownFileType = sourcecode.c.h; name = ComponentFactory.h; path = ../../src/EDEN/ComponentFactory.h; sourceTree = "<group>"; };
		D72618CB2B874C8600DCD1A3 /* Quaternion.h */ = {isa = PBXFileReference; lastKnownFileType = sourcecode.c.h; name = Quaternion.h; path = ../../src/EDEN/Quaternion.h; sourceTree = "<group>"; };
		D72618CC2B874C8600DCD1A3 /* Transform.cpp */ = {isa = PBXFileReference; lastKnownFileType = sourcecode.cpp.cpp; name = Transform.cpp; path = ../../src/EDEN/Transform.cpp; sourceTree = "<group>"; };
		D72618CD2B874C8600DCD1A3 /* ComponentFactory.cpp */ = {isa = PBXFileReference; lastKnownFileType = sourcecode.cpp.cpp; name = ComponentFactory.cpp; path = ../../src/EDEN/ComponentFactory.cpp; sourceTree = "<group>"; };
		D72618CE2B874C8600DCD1A3 /* Quaternion.cpp */ = {isa = PBXFileReference; lastKnownFileType = sourcecode.cpp.cpp; name = Quaternion.cpp; path = ../../src/EDEN/Quaternion.cpp; sourceTree = "<group>"; };
		D72618CF2B874C8700DCD1A3 /* TestComponent.h */ = {isa = PBXFileReference; lastKnownFileType = sourcecode.c.h; name = TestComponent.h; path = ../../src/EDEN/TestComponent.h; sourceTree = "<group>"; };
		D72618D02B874C8700DCD1A3 /* Transform.h */ = {isa = PBXFileReference; lastKnownFileType = sourcecode.c.h; name = Transform.h; path = ../../src/EDEN/Transform.h; sourceTree = "<group>"; };
		D72618D12B874C8700DCD1A3 /* TestComponent.cpp */ = {isa = PBXFileReference; lastKnownFileType = sourcecode.cpp.cpp; name = TestComponent.cpp; path = ../../src/EDEN/TestComponent.cpp; sourceTree = "<group>"; };
		D72618D22B874C8700DCD1A3 /* Entity.cpp */ = {isa = PBXFileReference; lastKnownFileType = sourcecode.cpp.cpp; name = Entity.cpp; path = ../../src/EDEN/Entity.cpp; sourceTree = "<group>"; };
		D72618D32B874C8700DCD1A3 /* Component.cpp */ = {isa = PBXFileReference; lastKnownFileType = sourcecode.cpp.cpp; name = Component.cpp; path = ../../src/EDEN/Component.cpp; sourceTree = "<group>"; };
		D72618D42B874C8700DCD1A3 /* Component.h */ = {isa = PBXFileReference; lastKnownFileType = sourcecode.c.h; name = Component.h; path = ../../src/EDEN/Component.h; sourceTree = "<group>"; };
		D73F5EAC2B862FBB00E7188C /* Plugin_BSPSceneManager.14.1.dylib */ = {isa = PBXFileReference; lastKnownFileType = "compiled.mach-o.dylib"; name = Plugin_BSPSceneManager.14.1.dylib; path = ../../dependencies/Ogre/build/lib/macosx/Debug/Plugin_BSPSceneManager.14.1.dylib; sourceTree = "<group>"; };
		D73F5EAD2B862FBB00E7188C /* Plugin_PCZSceneManager.14.1.dylib */ = {isa = PBXFileReference; lastKnownFileType = "compiled.mach-o.dylib"; name = Plugin_PCZSceneManager.14.1.dylib; path = ../../dependencies/Ogre/build/lib/macosx/Debug/Plugin_PCZSceneManager.14.1.dylib; sourceTree = "<group>"; };
		D73F5EAE2B862FBB00E7188C /* Plugin_ParticleFX.14.1.dylib */ = {isa = PBXFileReference; lastKnownFileType = "compiled.mach-o.dylib"; name = Plugin_ParticleFX.14.1.dylib; path = ../../dependencies/Ogre/build/lib/macosx/Debug/Plugin_ParticleFX.14.1.dylib; sourceTree = "<group>"; };
		D73F5EAF2B862FBB00E7188C /* libOgreOverlay.14.1.dylib */ = {isa = PBXFileReference; lastKnownFileType = "compiled.mach-o.dylib"; name = libOgreOverlay.14.1.dylib; path = ../../dependencies/Ogre/build/lib/macosx/Debug/libOgreOverlay.14.1.dylib; sourceTree = "<group>"; };
		D73F5EB02B862FBB00E7188C /* RenderSystem_GL3Plus.14.1.dylib */ = {isa = PBXFileReference; lastKnownFileType = "compiled.mach-o.dylib"; name = RenderSystem_GL3Plus.14.1.dylib; path = ../../dependencies/Ogre/build/lib/macosx/Debug/RenderSystem_GL3Plus.14.1.dylib; sourceTree = "<group>"; };
		D73F5EB12B862FBB00E7188C /* RenderSystem_GL.14.1.dylib */ = {isa = PBXFileReference; lastKnownFileType = "compiled.mach-o.dylib"; name = RenderSystem_GL.14.1.dylib; path = ../../dependencies/Ogre/build/lib/macosx/Debug/RenderSystem_GL.14.1.dylib; sourceTree = "<group>"; };
		D73F5EB22B862FBB00E7188C /* libOgreTerrain.14.1.dylib */ = {isa = PBXFileReference; lastKnownFileType = "compiled.mach-o.dylib"; name = libOgreTerrain.14.1.dylib; path = ../../dependencies/Ogre/build/lib/macosx/Debug/libOgreTerrain.14.1.dylib; sourceTree = "<group>"; };
		D73F5EB32B862FBB00E7188C /* libOgreRTShaderSystem.14.1.dylib */ = {isa = PBXFileReference; lastKnownFileType = "compiled.mach-o.dylib"; name = libOgreRTShaderSystem.14.1.dylib; path = ../../dependencies/Ogre/build/lib/macosx/Debug/libOgreRTShaderSystem.14.1.dylib; sourceTree = "<group>"; };
		D73F5EB42B862FBB00E7188C /* libOgreProperty.14.1.dylib */ = {isa = PBXFileReference; lastKnownFileType = "compiled.mach-o.dylib"; name = libOgreProperty.14.1.dylib; path = ../../dependencies/Ogre/build/lib/macosx/Debug/libOgreProperty.14.1.dylib; sourceTree = "<group>"; };
		D73F5EB52B862FBB00E7188C /* Codec_STBI.14.1.dylib */ = {isa = PBXFileReference; lastKnownFileType = "compiled.mach-o.dylib"; name = Codec_STBI.14.1.dylib; path = ../../dependencies/Ogre/build/lib/macosx/Debug/Codec_STBI.14.1.dylib; sourceTree = "<group>"; };
		D73F5EB62B862FBB00E7188C /* Plugin_OctreeSceneManager.14.1.dylib */ = {isa = PBXFileReference; lastKnownFileType = "compiled.mach-o.dylib"; name = Plugin_OctreeSceneManager.14.1.dylib; path = ../../dependencies/Ogre/build/lib/macosx/Debug/Plugin_OctreeSceneManager.14.1.dylib; sourceTree = "<group>"; };
		D73F5EB72B862FBB00E7188C /* libOgreVolume.14.1.dylib */ = {isa = PBXFileReference; lastKnownFileType = "compiled.mach-o.dylib"; name = libOgreVolume.14.1.dylib; path = ../../dependencies/Ogre/build/lib/macosx/Debug/libOgreVolume.14.1.dylib; sourceTree = "<group>"; };
		D73F5EB82B862FBB00E7188C /* libOgreMeshLodGenerator.14.1.dylib */ = {isa = PBXFileReference; lastKnownFileType = "compiled.mach-o.dylib"; name = libOgreMeshLodGenerator.14.1.dylib; path = ../../dependencies/Ogre/build/lib/macosx/Debug/libOgreMeshLodGenerator.14.1.dylib; sourceTree = "<group>"; };
		D73F5EB92B862FBB00E7188C /* libOgreMain.14.1.dylib */ = {isa = PBXFileReference; lastKnownFileType = "compiled.mach-o.dylib"; name = libOgreMain.14.1.dylib; path = ../../dependencies/Ogre/build/lib/macosx/Debug/libOgreMain.14.1.dylib; sourceTree = "<group>"; };
		D73F5EBA2B862FBB00E7188C /* Plugin_OctreeZone.14.1.dylib */ = {isa = PBXFileReference; lastKnownFileType = "compiled.mach-o.dylib"; name = Plugin_OctreeZone.14.1.dylib; path = ../../dependencies/Ogre/build/lib/macosx/Debug/Plugin_OctreeZone.14.1.dylib; sourceTree = "<group>"; };
		D73F5EBB2B862FBB00E7188C /* Plugin_DotScene.14.1.dylib */ = {isa = PBXFileReference; lastKnownFileType = "compiled.mach-o.dylib"; name = Plugin_DotScene.14.1.dylib; path = ../../dependencies/Ogre/build/lib/macosx/Debug/Plugin_DotScene.14.1.dylib; sourceTree = "<group>"; };
		D73F5EBC2B862FBB00E7188C /* libOgrePaging.14.1.dylib */ = {isa = PBXFileReference; lastKnownFileType = "compiled.mach-o.dylib"; name = libOgrePaging.14.1.dylib; path = ../../dependencies/Ogre/build/lib/macosx/Debug/libOgrePaging.14.1.dylib; sourceTree = "<group>"; };
		D73F5F3B2B8638F400E7188C /* Plugin_ParticleFX.14.1.dylib */ = {isa = PBXFileReference; lastKnownFileType = "compiled.mach-o.dylib"; name = Plugin_ParticleFX.14.1.dylib; path = ../../dependencies/Ogre/build/lib/macosx/Release/Plugin_ParticleFX.14.1.dylib; sourceTree = "<group>"; };
		D73F5F3C2B8638F400E7188C /* Plugin_OctreeZone.14.1.dylib */ = {isa = PBXFileReference; lastKnownFileType = "compiled.mach-o.dylib"; name = Plugin_OctreeZone.14.1.dylib; path = ../../dependencies/Ogre/build/lib/macosx/Release/Plugin_OctreeZone.14.1.dylib; sourceTree = "<group>"; };
		D73F5F3D2B8638F400E7188C /* libOgreProperty.14.1.dylib */ = {isa = PBXFileReference; lastKnownFileType = "compiled.mach-o.dylib"; name = libOgreProperty.14.1.dylib; path = ../../dependencies/Ogre/build/lib/macosx/Release/libOgreProperty.14.1.dylib; sourceTree = "<group>"; };
		D73F5F3E2B8638F400E7188C /* Plugin_BSPSceneManager.14.1.dylib */ = {isa = PBXFileReference; lastKnownFileType = "compiled.mach-o.dylib"; name = Plugin_BSPSceneManager.14.1.dylib; path = ../../dependencies/Ogre/build/lib/macosx/Release/Plugin_BSPSceneManager.14.1.dylib; sourceTree = "<group>"; };
		D73F5F3F2B8638F400E7188C /* RenderSystem_GL3Plus.14.1.dylib */ = {isa = PBXFileReference; lastKnownFileType = "compiled.mach-o.dylib"; name = RenderSystem_GL3Plus.14.1.dylib; path = ../../dependencies/Ogre/build/lib/macosx/Release/RenderSystem_GL3Plus.14.1.dylib; sourceTree = "<group>"; };
		D73F5F402B8638F400E7188C /* libOgreMeshLodGenerator.14.1.dylib */ = {isa = PBXFileReference; lastKnownFileType = "compiled.mach-o.dylib"; name = libOgreMeshLodGenerator.14.1.dylib; path = ../../dependencies/Ogre/build/lib/macosx/Release/libOgreMeshLodGenerator.14.1.dylib; sourceTree = "<group>"; };
		D73F5F412B8638F400E7188C /* Plugin_DotScene.14.1.dylib */ = {isa = PBXFileReference; lastKnownFileType = "compiled.mach-o.dylib"; name = Plugin_DotScene.14.1.dylib; path = ../../dependencies/Ogre/build/lib/macosx/Release/Plugin_DotScene.14.1.dylib; sourceTree = "<group>"; };
		D73F5F422B8638F400E7188C /* Codec_STBI.14.1.dylib */ = {isa = PBXFileReference; lastKnownFileType = "compiled.mach-o.dylib"; name = Codec_STBI.14.1.dylib; path = ../../dependencies/Ogre/build/lib/macosx/Release/Codec_STBI.14.1.dylib; sourceTree = "<group>"; };
		D73F5F432B8638F400E7188C /* libOgreMain.14.1.dylib */ = {isa = PBXFileReference; lastKnownFileType = "compiled.mach-o.dylib"; name = libOgreMain.14.1.dylib; path = ../../dependencies/Ogre/build/lib/macosx/Release/libOgreMain.14.1.dylib; sourceTree = "<group>"; };
		D73F5F442B8638F400E7188C /* libOgreTerrain.14.1.dylib */ = {isa = PBXFileReference; lastKnownFileType = "compiled.mach-o.dylib"; name = libOgreTerrain.14.1.dylib; path = ../../dependencies/Ogre/build/lib/macosx/Release/libOgreTerrain.14.1.dylib; sourceTree = "<group>"; };
		D73F5F452B8638F400E7188C /* libOgreVolume.14.1.dylib */ = {isa = PBXFileReference; lastKnownFileType = "compiled.mach-o.dylib"; name = libOgreVolume.14.1.dylib; path = ../../dependencies/Ogre/build/lib/macosx/Release/libOgreVolume.14.1.dylib; sourceTree = "<group>"; };
		D73F5F462B8638F400E7188C /* libOgreOverlay.14.1.dylib */ = {isa = PBXFileReference; lastKnownFileType = "compiled.mach-o.dylib"; name = libOgreOverlay.14.1.dylib; path = ../../dependencies/Ogre/build/lib/macosx/Release/libOgreOverlay.14.1.dylib; sourceTree = "<group>"; };
		D73F5F472B8638F400E7188C /* libOgreRTShaderSystem.14.1.dylib */ = {isa = PBXFileReference; lastKnownFileType = "compiled.mach-o.dylib"; name = libOgreRTShaderSystem.14.1.dylib; path = ../../dependencies/Ogre/build/lib/macosx/Release/libOgreRTShaderSystem.14.1.dylib; sourceTree = "<group>"; };
		D73F5F482B8638F400E7188C /* RenderSystem_GL.14.1.dylib */ = {isa = PBXFileReference; lastKnownFileType = "compiled.mach-o.dylib"; name = RenderSystem_GL.14.1.dylib; path = ../../dependencies/Ogre/build/lib/macosx/Release/RenderSystem_GL.14.1.dylib; sourceTree = "<group>"; };
		D73F5F492B8638F400E7188C /* libOgrePaging.14.1.dylib */ = {isa = PBXFileReference; lastKnownFileType = "compiled.mach-o.dylib"; name = libOgrePaging.14.1.dylib; path = ../../dependencies/Ogre/build/lib/macosx/Release/libOgrePaging.14.1.dylib; sourceTree = "<group>"; };
		D73F5F4A2B8638F400E7188C /* Plugin_PCZSceneManager.14.1.dylib */ = {isa = PBXFileReference; lastKnownFileType = "compiled.mach-o.dylib"; name = Plugin_PCZSceneManager.14.1.dylib; path = ../../dependencies/Ogre/build/lib/macosx/Release/Plugin_PCZSceneManager.14.1.dylib; sourceTree = "<group>"; };
		D73F5F4B2B8638F400E7188C /* Plugin_OctreeSceneManager.14.1.dylib */ = {isa = PBXFileReference; lastKnownFileType = "compiled.mach-o.dylib"; name = Plugin_OctreeSceneManager.14.1.dylib; path = ../../dependencies/Ogre/build/lib/macosx/Release/Plugin_OctreeSceneManager.14.1.dylib; sourceTree = "<group>"; };
		D73F5FBB2B863C6F00E7188C /* EDENd */ = {isa = PBXFileReference; explicitFileType = "compiled.mach-o.executable"; includeInIndex = 0; path = EDENd; sourceTree = BUILT_PRODUCTS_DIR; };
		D73F60002B863D5A00E7188C /* EDEN */ = {isa = PBXFileReference; explicitFileType = "compiled.mach-o.executable"; includeInIndex = 0; path = EDEN; sourceTree = BUILT_PRODUCTS_DIR; };
/* End PBXFileReference section */

/* Begin PBXFrameworksBuildPhase section */
		D73F5FB82B863C6F00E7188C /* Frameworks */ = {
			isa = PBXFrameworksBuildPhase;
			buildActionMask = 2147483647;
			files = (
				D73F5FDD2B863D2700E7188C /* libOgreMeshLodGenerator.14.1.dylib in Frameworks */,
				D73F5FEF2B863D2700E7188C /* Plugin_OctreeSceneManager.14.1.dylib in Frameworks */,
				D73F5FD92B863D2700E7188C /* Codec_STBI.14.1.dylib in Frameworks */,
				D73F5FED2B863D2700E7188C /* Plugin_DotScene.14.1.dylib in Frameworks */,
				D73F5FE12B863D2700E7188C /* libOgrePaging.14.1.dylib in Frameworks */,
				D73F5FF72B863D2700E7188C /* RenderSystem_GL.14.1.dylib in Frameworks */,
				D73F5FF12B863D2700E7188C /* Plugin_OctreeZone.14.1.dylib in Frameworks */,
				D73F5FF92B863D2700E7188C /* RenderSystem_GL3Plus.14.1.dylib in Frameworks */,
				D73F5FE32B863D2700E7188C /* libOgreProperty.14.1.dylib in Frameworks */,
				D73F5FE92B863D2700E7188C /* libOgreVolume.14.1.dylib in Frameworks */,
				D73F5FEB2B863D2700E7188C /* Plugin_BSPSceneManager.14.1.dylib in Frameworks */,
				D73F5FDB2B863D2700E7188C /* libOgreMain.14.1.dylib in Frameworks */,
				D73F5FDF2B863D2700E7188C /* libOgreOverlay.14.1.dylib in Frameworks */,
				D73F5FF52B863D2700E7188C /* Plugin_PCZSceneManager.14.1.dylib in Frameworks */,
				D73F5FE72B863D2700E7188C /* libOgreTerrain.14.1.dylib in Frameworks */,
				D73F5FF32B863D2700E7188C /* Plugin_ParticleFX.14.1.dylib in Frameworks */,
				D73F5FE52B863D2700E7188C /* libOgreRTShaderSystem.14.1.dylib in Frameworks */,
			);
			runOnlyForDeploymentPostprocessing = 0;
		};
		D73F5FFD2B863D5A00E7188C /* Frameworks */ = {
			isa = PBXFrameworksBuildPhase;
			buildActionMask = 2147483647;
			files = (
				D73F600B2B863D9900E7188C /* libOgreMeshLodGenerator.14.1.dylib in Frameworks */,
				D73F601D2B863D9900E7188C /* Plugin_OctreeSceneManager.14.1.dylib in Frameworks */,
				D73F60072B863D9900E7188C /* Codec_STBI.14.1.dylib in Frameworks */,
				D73F601B2B863D9900E7188C /* Plugin_DotScene.14.1.dylib in Frameworks */,
				D73F600F2B863D9900E7188C /* libOgrePaging.14.1.dylib in Frameworks */,
				D73F60252B863D9900E7188C /* RenderSystem_GL.14.1.dylib in Frameworks */,
				D73F601F2B863D9900E7188C /* Plugin_OctreeZone.14.1.dylib in Frameworks */,
				D73F60272B863D9900E7188C /* RenderSystem_GL3Plus.14.1.dylib in Frameworks */,
				D73F60112B863D9900E7188C /* libOgreProperty.14.1.dylib in Frameworks */,
				D73F60172B863D9900E7188C /* libOgreVolume.14.1.dylib in Frameworks */,
				D73F60192B863D9900E7188C /* Plugin_BSPSceneManager.14.1.dylib in Frameworks */,
				D73F60092B863D9900E7188C /* libOgreMain.14.1.dylib in Frameworks */,
				D73F600D2B863D9900E7188C /* libOgreOverlay.14.1.dylib in Frameworks */,
				D73F60232B863D9900E7188C /* Plugin_PCZSceneManager.14.1.dylib in Frameworks */,
				D73F60152B863D9900E7188C /* libOgreTerrain.14.1.dylib in Frameworks */,
				D73F60212B863D9900E7188C /* Plugin_ParticleFX.14.1.dylib in Frameworks */,
				D73F60132B863D9900E7188C /* libOgreRTShaderSystem.14.1.dylib in Frameworks */,
			);
			runOnlyForDeploymentPostprocessing = 0;
		};
/* End PBXFrameworksBuildPhase section */

/* Begin PBXGroup section */
		D71C75402B85864600F406CC /* Frameworks */ = {
			isa = PBXGroup;
			children = (
				D73F5F422B8638F400E7188C /* Codec_STBI.14.1.dylib */,
				D73F5F432B8638F400E7188C /* libOgreMain.14.1.dylib */,
				D73F5F402B8638F400E7188C /* libOgreMeshLodGenerator.14.1.dylib */,
				D73F5F462B8638F400E7188C /* libOgreOverlay.14.1.dylib */,
				D73F5F492B8638F400E7188C /* libOgrePaging.14.1.dylib */,
				D73F5F3D2B8638F400E7188C /* libOgreProperty.14.1.dylib */,
				D73F5F472B8638F400E7188C /* libOgreRTShaderSystem.14.1.dylib */,
				D73F5F442B8638F400E7188C /* libOgreTerrain.14.1.dylib */,
				D73F5F452B8638F400E7188C /* libOgreVolume.14.1.dylib */,
				D73F5F3E2B8638F400E7188C /* Plugin_BSPSceneManager.14.1.dylib */,
				D73F5F412B8638F400E7188C /* Plugin_DotScene.14.1.dylib */,
				D73F5F4B2B8638F400E7188C /* Plugin_OctreeSceneManager.14.1.dylib */,
				D73F5F3C2B8638F400E7188C /* Plugin_OctreeZone.14.1.dylib */,
				D73F5F3B2B8638F400E7188C /* Plugin_ParticleFX.14.1.dylib */,
				D73F5F4A2B8638F400E7188C /* Plugin_PCZSceneManager.14.1.dylib */,
				D73F5F482B8638F400E7188C /* RenderSystem_GL.14.1.dylib */,
				D73F5F3F2B8638F400E7188C /* RenderSystem_GL3Plus.14.1.dylib */,
				D73F5EB52B862FBB00E7188C /* Codec_STBI.14.1.dylib */,
				D73F5EB92B862FBB00E7188C /* libOgreMain.14.1.dylib */,
				D73F5EB82B862FBB00E7188C /* libOgreMeshLodGenerator.14.1.dylib */,
				D73F5EAF2B862FBB00E7188C /* libOgreOverlay.14.1.dylib */,
				D73F5EBC2B862FBB00E7188C /* libOgrePaging.14.1.dylib */,
				D73F5EB42B862FBB00E7188C /* libOgreProperty.14.1.dylib */,
				D73F5EB32B862FBB00E7188C /* libOgreRTShaderSystem.14.1.dylib */,
				D73F5EB22B862FBB00E7188C /* libOgreTerrain.14.1.dylib */,
				D73F5EB72B862FBB00E7188C /* libOgreVolume.14.1.dylib */,
				D73F5EAC2B862FBB00E7188C /* Plugin_BSPSceneManager.14.1.dylib */,
				D73F5EBB2B862FBB00E7188C /* Plugin_DotScene.14.1.dylib */,
				D73F5EB62B862FBB00E7188C /* Plugin_OctreeSceneManager.14.1.dylib */,
				D73F5EBA2B862FBB00E7188C /* Plugin_OctreeZone.14.1.dylib */,
				D73F5EAE2B862FBB00E7188C /* Plugin_ParticleFX.14.1.dylib */,
				D73F5EAD2B862FBB00E7188C /* Plugin_PCZSceneManager.14.1.dylib */,
				D73F5EB12B862FBB00E7188C /* RenderSystem_GL.14.1.dylib */,
				D73F5EB02B862FBB00E7188C /* RenderSystem_GL3Plus.14.1.dylib */,
			);
			name = Frameworks;
			sourceTree = "<group>";
		};
		D7CD18ED2B8415D50019DD49 = {
			isa = PBXGroup;
			children = (
				D72618D32B874C8700DCD1A3 /* Component.cpp */,
				D72618D42B874C8700DCD1A3 /* Component.h */,
				D72618CD2B874C8600DCD1A3 /* ComponentFactory.cpp */,
				D72618CA2B874C8600DCD1A3 /* ComponentFactory.h */,
				D72618D22B874C8700DCD1A3 /* Entity.cpp */,
				D72618C92B874C8600DCD1A3 /* Entity.h */,
				D72618CE2B874C8600DCD1A3 /* Quaternion.cpp */,
				D72618CB2B874C8600DCD1A3 /* Quaternion.h */,
				D72618D12B874C8700DCD1A3 /* TestComponent.cpp */,
				D72618CF2B874C8700DCD1A3 /* TestComponent.h */,
				D72618CC2B874C8600DCD1A3 /* Transform.cpp */,
				D72618D02B874C8700DCD1A3 /* Transform.h */,
				D71C753B2B8585DC00F406CC /* EdenMaster.cpp */,
				D71C75372B8585DC00F406CC /* EdenMaster.h */,
				D71C753A2B8585DC00F406CC /* main.cpp */,
				D71C75392B8585DC00F406CC /* Singleton.h */,
				D71C75382B8585DC00F406CC /* Vector3.cpp */,
				D71C753C2B8585DC00F406CC /* Vector3.h */,
				D71C75402B85864600F406CC /* Frameworks */,
				D73F5FBB2B863C6F00E7188C /* EDENd */,
				D73F60002B863D5A00E7188C /* EDEN */,
			);
			sourceTree = "<group>";
			usesTabs = 0;
		};
/* End PBXGroup section */

/* Begin PBXNativeTarget section */
		D73F5FBA2B863C6F00E7188C /* EDEN_Debug */ = {
			isa = PBXNativeTarget;
			buildConfigurationList = D73F5FBF2B863C6F00E7188C /* Build configuration list for PBXNativeTarget "EDEN_Debug" */;
			buildPhases = (
				D73F5FB72B863C6F00E7188C /* Sources */,
				D73F5FB82B863C6F00E7188C /* Frameworks */,
				D73F5FB92B863C6F00E7188C /* CopyFiles */,
				D73F5FFB2B863D2700E7188C /* Embed Libraries */,
			);
			buildRules = (
			);
			dependencies = (
			);
			name = EDEN_Debug;
			productName = EDEN_Debug;
			productReference = D73F5FBB2B863C6F00E7188C /* EDENd */;
			productType = "com.apple.product-type.tool";
		};
		D73F5FFF2B863D5A00E7188C /* EDEN_Release */ = {
			isa = PBXNativeTarget;
			buildConfigurationList = D73F60042B863D5A00E7188C /* Build configuration list for PBXNativeTarget "EDEN_Release" */;
			buildPhases = (
				D73F5FFC2B863D5A00E7188C /* Sources */,
				D73F5FFD2B863D5A00E7188C /* Frameworks */,
				D73F5FFE2B863D5A00E7188C /* CopyFiles */,
				D73F60292B863D9A00E7188C /* Embed Libraries */,
			);
			buildRules = (
			);
			dependencies = (
			);
			name = EDEN_Release;
			productName = EDEN_Release;
			productReference = D73F60002B863D5A00E7188C /* EDEN */;
			productType = "com.apple.product-type.tool";
		};
/* End PBXNativeTarget section */

/* Begin PBXProject section */
		D7CD18EE2B8415D50019DD49 /* Project object */ = {
			isa = PBXProject;
			attributes = {
				BuildIndependentTargetsInParallel = 1;
				LastUpgradeCheck = 1520;
				TargetAttributes = {
					D73F5FBA2B863C6F00E7188C = {
						CreatedOnToolsVersion = 15.2;
					};
					D73F5FFF2B863D5A00E7188C = {
						CreatedOnToolsVersion = 15.2;
					};
				};
			};
			buildConfigurationList = D7CD18F12B8415D50019DD49 /* Build configuration list for PBXProject "EDEN" */;
			compatibilityVersion = "Xcode 14.0";
			developmentRegion = en;
			hasScannedForEncodings = 0;
			knownRegions = (
				en,
				Base,
			);
			mainGroup = D7CD18ED2B8415D50019DD49;
			productRefGroup = D7CD18ED2B8415D50019DD49;
			projectDirPath = "";
			projectRoot = "";
			targets = (
				D73F5FBA2B863C6F00E7188C /* EDEN_Debug */,
				D73F5FFF2B863D5A00E7188C /* EDEN_Release */,
			);
		};
/* End PBXProject section */

/* Begin PBXSourcesBuildPhase section */
		D73F5FB72B863C6F00E7188C /* Sources */ = {
			isa = PBXSourcesBuildPhase;
			buildActionMask = 2147483647;
			files = (
				D72618D52B874C9000DCD1A3 /* Component.cpp in Sources */,
				D72618D62B874C9000DCD1A3 /* Component.h in Sources */,
				D72618D72B874C9000DCD1A3 /* ComponentFactory.cpp in Sources */,
				D72618D82B874C9000DCD1A3 /* ComponentFactory.h in Sources */,
				D72618D92B874C9000DCD1A3 /* Entity.cpp in Sources */,
				D72618DA2B874C9000DCD1A3 /* Entity.h in Sources */,
				D72618DB2B874C9000DCD1A3 /* Quaternion.cpp in Sources */,
				D72618DC2B874C9000DCD1A3 /* Quaternion.h in Sources */,
				D72618DD2B874C9000DCD1A3 /* TestComponent.cpp in Sources */,
				D72618DE2B874C9000DCD1A3 /* TestComponent.h in Sources */,
				D72618DF2B874C9000DCD1A3 /* Transform.cpp in Sources */,
				D72618E02B874C9000DCD1A3 /* Transform.h in Sources */,
				D72618E12B874C9000DCD1A3 /* EdenMaster.cpp in Sources */,
				D72618E22B874C9000DCD1A3 /* EdenMaster.h in Sources */,
				D72618E32B874C9000DCD1A3 /* main.cpp in Sources */,
				D72618E42B874C9000DCD1A3 /* Singleton.h in Sources */,
				D72618E52B874C9000DCD1A3 /* Vector3.cpp in Sources */,
				D72618E62B874C9000DCD1A3 /* Vector3.h in Sources */,
			);
			runOnlyForDeploymentPostprocessing = 0;
		};
		D73F5FFC2B863D5A00E7188C /* Sources */ = {
			isa = PBXSourcesBuildPhase;
			buildActionMask = 2147483647;
			files = (
				D72618E72B874C9700DCD1A3 /* Component.cpp in Sources */,
				D72618E82B874C9700DCD1A3 /* Component.h in Sources */,
				D72618E92B874C9700DCD1A3 /* ComponentFactory.cpp in Sources */,
				D72618EA2B874C9700DCD1A3 /* ComponentFactory.h in Sources */,
				D72618EB2B874C9700DCD1A3 /* Entity.cpp in Sources */,
				D72618EC2B874C9700DCD1A3 /* Entity.h in Sources */,
				D72618ED2B874C9700DCD1A3 /* Quaternion.cpp in Sources */,
				D72618EE2B874C9700DCD1A3 /* Quaternion.h in Sources */,
				D72618EF2B874C9700DCD1A3 /* TestComponent.cpp in Sources */,
				D72618F02B874C9700DCD1A3 /* TestComponent.h in Sources */,
				D72618F12B874C9700DCD1A3 /* Transform.cpp in Sources */,
				D72618F22B874C9700DCD1A3 /* Transform.h in Sources */,
				D73F602A2B863DBA00E7188C /* EdenMaster.cpp in Sources */,
				D73F602B2B863DBA00E7188C /* EdenMaster.h in Sources */,
				D73F602C2B863DBA00E7188C /* main.cpp in Sources */,
				D73F602D2B863DBA00E7188C /* Singleton.h in Sources */,
				D73F602E2B863DBA00E7188C /* Vector3.cpp in Sources */,
				D73F602F2B863DBA00E7188C /* Vector3.h in Sources */,
			);
			runOnlyForDeploymentPostprocessing = 0;
		};
/* End PBXSourcesBuildPhase section */

/* Begin XCBuildConfiguration section */
		D73F5FC02B863C6F00E7188C /* Debug */ = {
			isa = XCBuildConfiguration;
			buildSettings = {
				CODE_SIGN_STYLE = Automatic;
				OTHER_LDFLAGS = "";
				PRODUCT_NAME = EDENd;
			};
			name = Debug;
		};
		D73F5FC12B863C6F00E7188C /* Release */ = {
			isa = XCBuildConfiguration;
			buildSettings = {
				CODE_SIGN_STYLE = Automatic;
				OTHER_LDFLAGS = "";
				PRODUCT_NAME = EDENd;
			};
			name = Release;
		};
		D73F60052B863D5A00E7188C /* Debug */ = {
			isa = XCBuildConfiguration;
			buildSettings = {
				CODE_SIGN_STYLE = Automatic;
				OTHER_LDFLAGS = "";
				PRODUCT_NAME = EDEN;
			};
			name = Debug;
		};
		D73F60062B863D5A00E7188C /* Release */ = {
			isa = XCBuildConfiguration;
			buildSettings = {
				CODE_SIGN_STYLE = Automatic;
				OTHER_LDFLAGS = "";
				PRODUCT_NAME = EDEN;
			};
			name = Release;
		};
		D7CD18FB2B8415D50019DD49 /* Debug */ = {
			isa = XCBuildConfiguration;
			buildSettings = {
				ALWAYS_SEARCH_USER_PATHS = NO;
				ASSETCATALOG_COMPILER_GENERATE_SWIFT_ASSET_SYMBOL_EXTENSIONS = YES;
				CLANG_ANALYZER_NONNULL = YES;
				CLANG_ANALYZER_NUMBER_OBJECT_CONVERSION = YES_AGGRESSIVE;
				CLANG_CXX_LANGUAGE_STANDARD = "gnu++20";
				CLANG_ENABLE_MODULES = YES;
				CLANG_ENABLE_OBJC_ARC = YES;
				CLANG_ENABLE_OBJC_WEAK = YES;
				CLANG_WARN_BLOCK_CAPTURE_AUTORELEASING = YES;
				CLANG_WARN_BOOL_CONVERSION = YES;
				CLANG_WARN_COMMA = YES;
				CLANG_WARN_CONSTANT_CONVERSION = YES;
				CLANG_WARN_DEPRECATED_OBJC_IMPLEMENTATIONS = YES;
				CLANG_WARN_DIRECT_OBJC_ISA_USAGE = YES_ERROR;
				CLANG_WARN_DOCUMENTATION_COMMENTS = YES;
				CLANG_WARN_EMPTY_BODY = YES;
				CLANG_WARN_ENUM_CONVERSION = YES;
				CLANG_WARN_INFINITE_RECURSION = YES;
				CLANG_WARN_INT_CONVERSION = YES;
				CLANG_WARN_NON_LITERAL_NULL_CONVERSION = YES;
				CLANG_WARN_OBJC_IMPLICIT_RETAIN_SELF = YES;
				CLANG_WARN_OBJC_LITERAL_CONVERSION = YES;
				CLANG_WARN_OBJC_ROOT_CLASS = YES_ERROR;
				CLANG_WARN_QUOTED_INCLUDE_IN_FRAMEWORK_HEADER = YES;
				CLANG_WARN_RANGE_LOOP_ANALYSIS = YES;
				CLANG_WARN_STRICT_PROTOTYPES = YES;
				CLANG_WARN_SUSPICIOUS_MOVE = YES;
				CLANG_WARN_UNGUARDED_AVAILABILITY = YES_AGGRESSIVE;
				CLANG_WARN_UNREACHABLE_CODE = YES;
				CLANG_WARN__DUPLICATE_METHOD_MATCH = YES;
				COPY_PHASE_STRIP = NO;
				DEBUG_INFORMATION_FORMAT = dwarf;
				ENABLE_STRICT_OBJC_MSGSEND = YES;
				ENABLE_TESTABILITY = YES;
				ENABLE_USER_SCRIPT_SANDBOXING = YES;
				GCC_C_LANGUAGE_STANDARD = gnu17;
				GCC_DYNAMIC_NO_PIC = NO;
				GCC_NO_COMMON_BLOCKS = YES;
				GCC_OPTIMIZATION_LEVEL = 0;
				GCC_PREPROCESSOR_DEFINITIONS = (
					"DEBUG=1",
					"$(inherited)",
				);
				GCC_WARN_64_TO_32_BIT_CONVERSION = YES;
				GCC_WARN_ABOUT_RETURN_TYPE = YES_ERROR;
				GCC_WARN_UNDECLARED_SELECTOR = YES;
				GCC_WARN_UNINITIALIZED_AUTOS = YES_AGGRESSIVE;
				GCC_WARN_UNUSED_FUNCTION = YES;
				GCC_WARN_UNUSED_VARIABLE = YES;
				HEADER_SEARCH_PATHS = (
					../../dependencies/Ogre/src/OgreMain/include,
					../../dependencies/Ogre/build/include,
				);
				LIBRARY_SEARCH_PATHS = ../../dependencies/Ogre/build/lib/macosx/Debug;
				LOCALIZATION_PREFERS_STRING_CATALOGS = YES;
				MACOSX_DEPLOYMENT_TARGET = 14.2;
				MTL_ENABLE_DEBUG_INFO = INCLUDE_SOURCE;
				MTL_FAST_MATH = YES;
				OBJROOT = ../../tmp;
				ONLY_ACTIVE_ARCH = YES;
				SDKROOT = macosx;
				SYMROOT = ../../bin;
			};
			name = Debug;
		};
		D7CD18FC2B8415D50019DD49 /* Release */ = {
			isa = XCBuildConfiguration;
			buildSettings = {
				ALWAYS_SEARCH_USER_PATHS = NO;
				ASSETCATALOG_COMPILER_GENERATE_SWIFT_ASSET_SYMBOL_EXTENSIONS = YES;
				CLANG_ANALYZER_NONNULL = YES;
				CLANG_ANALYZER_NUMBER_OBJECT_CONVERSION = YES_AGGRESSIVE;
				CLANG_CXX_LANGUAGE_STANDARD = "gnu++20";
				CLANG_ENABLE_MODULES = YES;
				CLANG_ENABLE_OBJC_ARC = YES;
				CLANG_ENABLE_OBJC_WEAK = YES;
				CLANG_WARN_BLOCK_CAPTURE_AUTORELEASING = YES;
				CLANG_WARN_BOOL_CONVERSION = YES;
				CLANG_WARN_COMMA = YES;
				CLANG_WARN_CONSTANT_CONVERSION = YES;
				CLANG_WARN_DEPRECATED_OBJC_IMPLEMENTATIONS = YES;
				CLANG_WARN_DIRECT_OBJC_ISA_USAGE = YES_ERROR;
				CLANG_WARN_DOCUMENTATION_COMMENTS = YES;
				CLANG_WARN_EMPTY_BODY = YES;
				CLANG_WARN_ENUM_CONVERSION = YES;
				CLANG_WARN_INFINITE_RECURSION = YES;
				CLANG_WARN_INT_CONVERSION = YES;
				CLANG_WARN_NON_LITERAL_NULL_CONVERSION = YES;
				CLANG_WARN_OBJC_IMPLICIT_RETAIN_SELF = YES;
				CLANG_WARN_OBJC_LITERAL_CONVERSION = YES;
				CLANG_WARN_OBJC_ROOT_CLASS = YES_ERROR;
				CLANG_WARN_QUOTED_INCLUDE_IN_FRAMEWORK_HEADER = YES;
				CLANG_WARN_RANGE_LOOP_ANALYSIS = YES;
				CLANG_WARN_STRICT_PROTOTYPES = YES;
				CLANG_WARN_SUSPICIOUS_MOVE = YES;
				CLANG_WARN_UNGUARDED_AVAILABILITY = YES_AGGRESSIVE;
				CLANG_WARN_UNREACHABLE_CODE = YES;
				CLANG_WARN__DUPLICATE_METHOD_MATCH = YES;
				COPY_PHASE_STRIP = NO;
				DEBUG_INFORMATION_FORMAT = "dwarf-with-dsym";
				ENABLE_NS_ASSERTIONS = NO;
				ENABLE_STRICT_OBJC_MSGSEND = YES;
				ENABLE_USER_SCRIPT_SANDBOXING = YES;
				GCC_C_LANGUAGE_STANDARD = gnu17;
				GCC_NO_COMMON_BLOCKS = YES;
				GCC_WARN_64_TO_32_BIT_CONVERSION = YES;
				GCC_WARN_ABOUT_RETURN_TYPE = YES_ERROR;
				GCC_WARN_UNDECLARED_SELECTOR = YES;
				GCC_WARN_UNINITIALIZED_AUTOS = YES_AGGRESSIVE;
				GCC_WARN_UNUSED_FUNCTION = YES;
				GCC_WARN_UNUSED_VARIABLE = YES;
				HEADER_SEARCH_PATHS = (
					../../dependencies/Ogre/src/OgreMain/include,
					../../dependencies/Ogre/build/include,
				);
				LIBRARY_SEARCH_PATHS = ../../dependencies/Ogre/build/lib/macosx/Release;
				LOCALIZATION_PREFERS_STRING_CATALOGS = YES;
				MACOSX_DEPLOYMENT_TARGET = 14.2;
				MTL_ENABLE_DEBUG_INFO = NO;
				MTL_FAST_MATH = YES;
				OBJROOT = ../../tmp;
				ONLY_ACTIVE_ARCH = YES;
				SDKROOT = macosx;
				SYMROOT = ../../bin;
			};
			name = Release;
		};
/* End XCBuildConfiguration section */

/* Begin XCConfigurationList section */
		D73F5FBF2B863C6F00E7188C /* Build configuration list for PBXNativeTarget "EDEN_Debug" */ = {
			isa = XCConfigurationList;
			buildConfigurations = (
				D73F5FC02B863C6F00E7188C /* Debug */,
				D73F5FC12B863C6F00E7188C /* Release */,
			);
			defaultConfigurationIsVisible = 0;
			defaultConfigurationName = Release;
		};
		D73F60042B863D5A00E7188C /* Build configuration list for PBXNativeTarget "EDEN_Release" */ = {
			isa = XCConfigurationList;
			buildConfigurations = (
				D73F60052B863D5A00E7188C /* Debug */,
				D73F60062B863D5A00E7188C /* Release */,
			);
			defaultConfigurationIsVisible = 0;
			defaultConfigurationName = Release;
		};
		D7CD18F12B8415D50019DD49 /* Build configuration list for PBXProject "EDEN" */ = {
			isa = XCConfigurationList;
			buildConfigurations = (
				D7CD18FB2B8415D50019DD49 /* Debug */,
				D7CD18FC2B8415D50019DD49 /* Release */,
			);
			defaultConfigurationIsVisible = 0;
			defaultConfigurationName = Release;
		};
/* End XCConfigurationList section */
	};
	rootObject = D7CD18EE2B8415D50019DD49 /* Project object */;
}
