// !$*UTF8*$!
{
	archiveVersion = 1;
	classes = {
	};
	objectVersion = 56;
	objects = {

/* Begin PBXBuildFile section */
		D73F60402B8724B100E7188C /* test.cpp in Sources */ = {isa = PBXBuildFile; fileRef = D77934DE2B85920000F8D598 /* test.cpp */; };
		D73F60412B8724B600E7188C /* test.cpp in Sources */ = {isa = PBXBuildFile; fileRef = D77934DE2B85920000F8D598 /* test.cpp */; };
		D73F60442B8724D900E7188C /* libSDL2-2.0d.0.dylib in Frameworks */ = {isa = PBXBuildFile; fileRef = D73F60432B8724D900E7188C /* libSDL2-2.0d.0.dylib */; };
		D73F60462B87250500E7188C /* libSDL2-2.0.0.dylib in Frameworks */ = {isa = PBXBuildFile; fileRef = D73F60452B87250500E7188C /* libSDL2-2.0.0.dylib */; };
/* End PBXBuildFile section */

/* Begin PBXFileReference section */
		D73F60342B86429700E7188C /* libEDEN_Input_Debug.a */ = {isa = PBXFileReference; explicitFileType = archive.ar; includeInIndex = 0; path = libEDEN_Input_Debug.a; sourceTree = BUILT_PRODUCTS_DIR; };
		D73F603C2B8642A700E7188C /* libEDEN_Input_Release.a */ = {isa = PBXFileReference; explicitFileType = archive.ar; includeInIndex = 0; path = libEDEN_Input_Release.a; sourceTree = BUILT_PRODUCTS_DIR; };
		D73F60432B8724D900E7188C /* libSDL2-2.0d.0.dylib */ = {isa = PBXFileReference; lastKnownFileType = "compiled.mach-o.dylib"; name = "libSDL2-2.0d.0.dylib"; path = "../../dependencies/SDL/build/Debug/libSDL2-2.0d.0.dylib"; sourceTree = "<group>"; };
		D73F60452B87250500E7188C /* libSDL2-2.0.0.dylib */ = {isa = PBXFileReference; lastKnownFileType = "compiled.mach-o.dylib"; name = "libSDL2-2.0.0.dylib"; path = "../../dependencies/SDL/build/Release/libSDL2-2.0.0.dylib"; sourceTree = "<group>"; };
		D77934DE2B85920000F8D598 /* test.cpp */ = {isa = PBXFileReference; fileEncoding = 4; lastKnownFileType = sourcecode.cpp.cpp; name = test.cpp; path = ../../src/EDEN_Input/test.cpp; sourceTree = "<group>"; };
/* End PBXFileReference section */

/* Begin PBXFrameworksBuildPhase section */
		D73F60322B86429700E7188C /* Frameworks */ = {
			isa = PBXFrameworksBuildPhase;
			buildActionMask = 2147483647;
			files = (
				D73F60442B8724D900E7188C /* libSDL2-2.0d.0.dylib in Frameworks */,
			);
			runOnlyForDeploymentPostprocessing = 0;
		};
		D73F603A2B8642A700E7188C /* Frameworks */ = {
			isa = PBXFrameworksBuildPhase;
			buildActionMask = 2147483647;
			files = (
				D73F60462B87250500E7188C /* libSDL2-2.0.0.dylib in Frameworks */,
			);
			runOnlyForDeploymentPostprocessing = 0;
		};
/* End PBXFrameworksBuildPhase section */

/* Begin PBXGroup section */
		D73F60422B8724D900E7188C /* Frameworks */ = {
			isa = PBXGroup;
			children = (
				D73F60452B87250500E7188C /* libSDL2-2.0.0.dylib */,
				D73F60432B8724D900E7188C /* libSDL2-2.0d.0.dylib */,
			);
			name = Frameworks;
			sourceTree = "<group>";
		};
		D7EA5FDB2B849B8D00C175AD = {
			isa = PBXGroup;
			children = (
				D77934DE2B85920000F8D598 /* test.cpp */,
				D7EA5FE52B849B8D00C175AD /* Products */,
				D73F60422B8724D900E7188C /* Frameworks */,
			);
			sourceTree = "<group>";
		};
		D7EA5FE52B849B8D00C175AD /* Products */ = {
			isa = PBXGroup;
			children = (
				D73F60342B86429700E7188C /* libEDEN_Input_Debug.a */,
				D73F603C2B8642A700E7188C /* libEDEN_Input_Release.a */,
			);
			name = Products;
			sourceTree = "<group>";
		};
/* End PBXGroup section */

/* Begin PBXHeadersBuildPhase section */
		D73F60302B86429700E7188C /* Headers */ = {
			isa = PBXHeadersBuildPhase;
			buildActionMask = 2147483647;
			files = (
			);
			runOnlyForDeploymentPostprocessing = 0;
		};
		D73F60382B8642A700E7188C /* Headers */ = {
			isa = PBXHeadersBuildPhase;
			buildActionMask = 2147483647;
			files = (
			);
			runOnlyForDeploymentPostprocessing = 0;
		};
/* End PBXHeadersBuildPhase section */

/* Begin PBXNativeTarget section */
		D73F60332B86429700E7188C /* EDEN_Input_Debug */ = {
			isa = PBXNativeTarget;
			buildConfigurationList = D73F60352B86429700E7188C /* Build configuration list for PBXNativeTarget "EDEN_Input_Debug" */;
			buildPhases = (
				D73F60302B86429700E7188C /* Headers */,
				D73F60312B86429700E7188C /* Sources */,
				D73F60322B86429700E7188C /* Frameworks */,
			);
			buildRules = (
			);
			dependencies = (
			);
			name = EDEN_Input_Debug;
			productName = EDEN_Input_Debug;
			productReference = D73F60342B86429700E7188C /* libEDEN_Input_Debug.a */;
			productType = "com.apple.product-type.library.static";
		};
		D73F603B2B8642A700E7188C /* EDEN_Input_Release */ = {
			isa = PBXNativeTarget;
			buildConfigurationList = D73F603D2B8642A700E7188C /* Build configuration list for PBXNativeTarget "EDEN_Input_Release" */;
			buildPhases = (
				D73F60382B8642A700E7188C /* Headers */,
				D73F60392B8642A700E7188C /* Sources */,
				D73F603A2B8642A700E7188C /* Frameworks */,
			);
			buildRules = (
			);
			dependencies = (
			);
			name = EDEN_Input_Release;
			productName = EDEN_Input_Release;
			productReference = D73F603C2B8642A700E7188C /* libEDEN_Input_Release.a */;
			productType = "com.apple.product-type.library.static";
		};
/* End PBXNativeTarget section */

/* Begin PBXProject section */
		D7EA5FDC2B849B8D00C175AD /* Project object */ = {
			isa = PBXProject;
			attributes = {
				BuildIndependentTargetsInParallel = 1;
				LastUpgradeCheck = 1520;
				TargetAttributes = {
					D73F60332B86429700E7188C = {
						CreatedOnToolsVersion = 15.2;
					};
					D73F603B2B8642A700E7188C = {
						CreatedOnToolsVersion = 15.2;
					};
				};
			};
			buildConfigurationList = D7EA5FDF2B849B8D00C175AD /* Build configuration list for PBXProject "EDEN_Input" */;
			compatibilityVersion = "Xcode 14.0";
			developmentRegion = en;
			hasScannedForEncodings = 0;
			knownRegions = (
				en,
				Base,
			);
			mainGroup = D7EA5FDB2B849B8D00C175AD;
			productRefGroup = D7EA5FE52B849B8D00C175AD /* Products */;
			projectDirPath = "";
			projectRoot = "";
			targets = (
				D73F60332B86429700E7188C /* EDEN_Input_Debug */,
				D73F603B2B8642A700E7188C /* EDEN_Input_Release */,
			);
		};
/* End PBXProject section */

/* Begin PBXSourcesBuildPhase section */
		D73F60312B86429700E7188C /* Sources */ = {
			isa = PBXSourcesBuildPhase;
			buildActionMask = 2147483647;
			files = (
				D73F60402B8724B100E7188C /* test.cpp in Sources */,
			);
			runOnlyForDeploymentPostprocessing = 0;
		};
		D73F60392B8642A700E7188C /* Sources */ = {
			isa = PBXSourcesBuildPhase;
			buildActionMask = 2147483647;
			files = (
				D73F60412B8724B600E7188C /* test.cpp in Sources */,
			);
			runOnlyForDeploymentPostprocessing = 0;
		};
/* End PBXSourcesBuildPhase section */

/* Begin XCBuildConfiguration section */
		D73F60362B86429700E7188C /* Debug */ = {
			isa = XCBuildConfiguration;
			buildSettings = {
				CODE_SIGN_STYLE = Automatic;
				EXECUTABLE_PREFIX = lib;
				PRODUCT_NAME = "$(TARGET_NAME)";
				SKIP_INSTALL = YES;
			};
			name = Debug;
		};
		D73F60372B86429700E7188C /* Release */ = {
			isa = XCBuildConfiguration;
			buildSettings = {
				CODE_SIGN_STYLE = Automatic;
				EXECUTABLE_PREFIX = lib;
				PRODUCT_NAME = "$(TARGET_NAME)";
				SKIP_INSTALL = YES;
			};
			name = Release;
		};
		D73F603E2B8642A700E7188C /* Debug */ = {
			isa = XCBuildConfiguration;
			buildSettings = {
				CODE_SIGN_STYLE = Automatic;
				EXECUTABLE_PREFIX = lib;
				PRODUCT_NAME = "$(TARGET_NAME)";
				SKIP_INSTALL = YES;
			};
			name = Debug;
		};
		D73F603F2B8642A700E7188C /* Release */ = {
			isa = XCBuildConfiguration;
			buildSettings = {
				CODE_SIGN_STYLE = Automatic;
				EXECUTABLE_PREFIX = lib;
				PRODUCT_NAME = "$(TARGET_NAME)";
				SKIP_INSTALL = YES;
			};
			name = Release;
		};
		D7EA5FE62B849B8D00C175AD /* Debug */ = {
			isa = XCBuildConfiguration;
			buildSettings = {
				ALWAYS_SEARCH_USER_PATHS = NO;
				ASSETCATALOG_COMPILER_GENERATE_SWIFT_ASSET_SYMBOL_EXTENSIONS = YES;
				CLANG_ANALYZER_NONNULL = YES;
				CLANG_ANALYZER_NUMBER_OBJECT_CONVERSION = YES_AGGRESSIVE;
				CLANG_CXX_LANGUAGE_STANDARD = "gnu++20";
				CLANG_ENABLE_MODULES = YES;
				CLANG_ENABLE_OBJC_ARC = YES;
				CLANG_ENABLE_OBJC_WEAK = YES;
				CLANG_WARN_BLOCK_CAPTURE_AUTORELEASING = YES;
				CLANG_WARN_BOOL_CONVERSION = YES;
				CLANG_WARN_COMMA = YES;
				CLANG_WARN_CONSTANT_CONVERSION = YES;
				CLANG_WARN_DEPRECATED_OBJC_IMPLEMENTATIONS = YES;
				CLANG_WARN_DIRECT_OBJC_ISA_USAGE = YES_ERROR;
				CLANG_WARN_DOCUMENTATION_COMMENTS = YES;
				CLANG_WARN_EMPTY_BODY = YES;
				CLANG_WARN_ENUM_CONVERSION = YES;
				CLANG_WARN_INFINITE_RECURSION = YES;
				CLANG_WARN_INT_CONVERSION = YES;
				CLANG_WARN_NON_LITERAL_NULL_CONVERSION = YES;
				CLANG_WARN_OBJC_IMPLICIT_RETAIN_SELF = YES;
				CLANG_WARN_OBJC_LITERAL_CONVERSION = YES;
				CLANG_WARN_OBJC_ROOT_CLASS = YES_ERROR;
				CLANG_WARN_QUOTED_INCLUDE_IN_FRAMEWORK_HEADER = YES;
				CLANG_WARN_RANGE_LOOP_ANALYSIS = YES;
				CLANG_WARN_STRICT_PROTOTYPES = YES;
				CLANG_WARN_SUSPICIOUS_MOVE = YES;
				CLANG_WARN_UNGUARDED_AVAILABILITY = YES_AGGRESSIVE;
				CLANG_WARN_UNREACHABLE_CODE = YES;
				CLANG_WARN__DUPLICATE_METHOD_MATCH = YES;
				COPY_PHASE_STRIP = NO;
				DEBUG_INFORMATION_FORMAT = dwarf;
				ENABLE_STRICT_OBJC_MSGSEND = YES;
				ENABLE_TESTABILITY = YES;
				ENABLE_USER_SCRIPT_SANDBOXING = YES;
				GCC_C_LANGUAGE_STANDARD = gnu17;
				GCC_DYNAMIC_NO_PIC = NO;
				GCC_NO_COMMON_BLOCKS = YES;
				GCC_OPTIMIZATION_LEVEL = 0;
				GCC_PREPROCESSOR_DEFINITIONS = (
					"DEBUG=1",
					"$(inherited)",
				);
				GCC_WARN_64_TO_32_BIT_CONVERSION = YES;
				GCC_WARN_ABOUT_RETURN_TYPE = YES_ERROR;
				GCC_WARN_UNDECLARED_SELECTOR = YES;
				GCC_WARN_UNINITIALIZED_AUTOS = YES_AGGRESSIVE;
				GCC_WARN_UNUSED_FUNCTION = YES;
				GCC_WARN_UNUSED_VARIABLE = YES;
				HEADER_SEARCH_PATHS = (
					../../dependencies/SDL/Src/include,
					../../dependencies/SDL/build/include,
				);
				LIBRARY_SEARCH_PATHS = ../../dependencies/SDL/build/Debug;
				LOCALIZATION_PREFERS_STRING_CATALOGS = YES;
				MACOSX_DEPLOYMENT_TARGET = 14.2;
				MTL_ENABLE_DEBUG_INFO = INCLUDE_SOURCE;
				MTL_FAST_MATH = YES;
				OBJROOT = ../../tmp;
				ONLY_ACTIVE_ARCH = YES;
				SDKROOT = macosx;
				SYMROOT = ../../bin;
			};
			name = Debug;
		};
		D7EA5FE72B849B8D00C175AD /* Release */ = {
			isa = XCBuildConfiguration;
			buildSettings = {
				ALWAYS_SEARCH_USER_PATHS = NO;
				ASSETCATALOG_COMPILER_GENERATE_SWIFT_ASSET_SYMBOL_EXTENSIONS = YES;
				CLANG_ANALYZER_NONNULL = YES;
				CLANG_ANALYZER_NUMBER_OBJECT_CONVERSION = YES_AGGRESSIVE;
				CLANG_CXX_LANGUAGE_STANDARD = "gnu++20";
				CLANG_ENABLE_MODULES = YES;
				CLANG_ENABLE_OBJC_ARC = YES;
				CLANG_ENABLE_OBJC_WEAK = YES;
				CLANG_WARN_BLOCK_CAPTURE_AUTORELEASING = YES;
				CLANG_WARN_BOOL_CONVERSION = YES;
				CLANG_WARN_COMMA = YES;
				CLANG_WARN_CONSTANT_CONVERSION = YES;
				CLANG_WARN_DEPRECATED_OBJC_IMPLEMENTATIONS = YES;
				CLANG_WARN_DIRECT_OBJC_ISA_USAGE = YES_ERROR;
				CLANG_WARN_DOCUMENTATION_COMMENTS = YES;
				CLANG_WARN_EMPTY_BODY = YES;
				CLANG_WARN_ENUM_CONVERSION = YES;
				CLANG_WARN_INFINITE_RECURSION = YES;
				CLANG_WARN_INT_CONVERSION = YES;
				CLANG_WARN_NON_LITERAL_NULL_CONVERSION = YES;
				CLANG_WARN_OBJC_IMPLICIT_RETAIN_SELF = YES;
				CLANG_WARN_OBJC_LITERAL_CONVERSION = YES;
				CLANG_WARN_OBJC_ROOT_CLASS = YES_ERROR;
				CLANG_WARN_QUOTED_INCLUDE_IN_FRAMEWORK_HEADER = YES;
				CLANG_WARN_RANGE_LOOP_ANALYSIS = YES;
				CLANG_WARN_STRICT_PROTOTYPES = YES;
				CLANG_WARN_SUSPICIOUS_MOVE = YES;
				CLANG_WARN_UNGUARDED_AVAILABILITY = YES_AGGRESSIVE;
				CLANG_WARN_UNREACHABLE_CODE = YES;
				CLANG_WARN__DUPLICATE_METHOD_MATCH = YES;
				COPY_PHASE_STRIP = NO;
				DEBUG_INFORMATION_FORMAT = "dwarf-with-dsym";
				ENABLE_NS_ASSERTIONS = NO;
				ENABLE_STRICT_OBJC_MSGSEND = YES;
				ENABLE_USER_SCRIPT_SANDBOXING = YES;
				GCC_C_LANGUAGE_STANDARD = gnu17;
				GCC_NO_COMMON_BLOCKS = YES;
				GCC_WARN_64_TO_32_BIT_CONVERSION = YES;
				GCC_WARN_ABOUT_RETURN_TYPE = YES_ERROR;
				GCC_WARN_UNDECLARED_SELECTOR = YES;
				GCC_WARN_UNINITIALIZED_AUTOS = YES_AGGRESSIVE;
				GCC_WARN_UNUSED_FUNCTION = YES;
				GCC_WARN_UNUSED_VARIABLE = YES;
				HEADER_SEARCH_PATHS = (
					../../dependencies/SDL/Src/include,
					../../dependencies/SDL/build/include,
				);
				LIBRARY_SEARCH_PATHS = ../../dependencies/SDL/build/Release;
				LOCALIZATION_PREFERS_STRING_CATALOGS = YES;
				MACOSX_DEPLOYMENT_TARGET = 14.2;
				MTL_ENABLE_DEBUG_INFO = NO;
				MTL_FAST_MATH = YES;
				OBJROOT = ../../tmp;
				SDKROOT = macosx;
				SYMROOT = ../../bin;
			};
			name = Release;
		};
/* End XCBuildConfiguration section */

/* Begin XCConfigurationList section */
		D73F60352B86429700E7188C /* Build configuration list for PBXNativeTarget "EDEN_Input_Debug" */ = {
			isa = XCConfigurationList;
			buildConfigurations = (
				D73F60362B86429700E7188C /* Debug */,
				D73F60372B86429700E7188C /* Release */,
			);
			defaultConfigurationIsVisible = 0;
			defaultConfigurationName = Release;
		};
		D73F603D2B8642A700E7188C /* Build configuration list for PBXNativeTarget "EDEN_Input_Release" */ = {
			isa = XCConfigurationList;
			buildConfigurations = (
				D73F603E2B8642A700E7188C /* Debug */,
				D73F603F2B8642A700E7188C /* Release */,
			);
			defaultConfigurationIsVisible = 0;
			defaultConfigurationName = Release;
		};
		D7EA5FDF2B849B8D00C175AD /* Build configuration list for PBXProject "EDEN_Input" */ = {
			isa = XCConfigurationList;
			buildConfigurations = (
				D7EA5FE62B849B8D00C175AD /* Debug */,
				D7EA5FE72B849B8D00C175AD /* Release */,
			);
			defaultConfigurationIsVisible = 0;
			defaultConfigurationName = Release;
		};
/* End XCConfigurationList section */
	};
	rootObject = D7EA5FDC2B849B8D00C175AD /* Project object */;
}
