// !$*UTF8*$!
{
	archiveVersion = 1;
	classes = {
	};
	objectVersion = 56;
	objects = {

/* Begin PBXBuildFile section */
		D72618B52B8744C700DCD1A3 /* libBullet3Common.a in Frameworks */ = {isa = PBXBuildFile; fileRef = D72618B42B8744C700DCD1A3 /* libBullet3Common.a */; };
		D72618BA2B87453400DCD1A3 /* libBullet3Common.a in Frameworks */ = {isa = PBXBuildFile; fileRef = D72618B92B87453400DCD1A3 /* libBullet3Common.a */; };
/* End PBXBuildFile section */

/* Begin PBXFileReference section */
		D72618A72B8741A900DCD1A3 /* libEDEN_Physics_Debug.a */ = {isa = PBXFileReference; explicitFileType = archive.ar; includeInIndex = 0; path = libEDEN_Physics_Debug.a; sourceTree = BUILT_PRODUCTS_DIR; };
		D72618AF2B8741C400DCD1A3 /* libEDEN_Physics_Release.a */ = {isa = PBXFileReference; explicitFileType = archive.ar; includeInIndex = 0; path = libEDEN_Physics_Release.a; sourceTree = BUILT_PRODUCTS_DIR; };
		D72618B42B8744C700DCD1A3 /* libBullet3Common.a */ = {isa = PBXFileReference; lastKnownFileType = archive.ar; name = libBullet3Common.a; path = ../../dependencies/Bullet/build/src/Bullet3Common/Debug/libBullet3Common.a; sourceTree = "<group>"; };
		D72618B92B87453400DCD1A3 /* libBullet3Common.a */ = {isa = PBXFileReference; lastKnownFileType = archive.ar; name = libBullet3Common.a; path = ../../dependencies/Bullet/build/src/Bullet3Common/Release/libBullet3Common.a; sourceTree = "<group>"; };
/* End PBXFileReference section */

/* Begin PBXFrameworksBuildPhase section */
		D72618A52B8741A900DCD1A3 /* Frameworks */ = {
			isa = PBXFrameworksBuildPhase;
			buildActionMask = 2147483647;
			files = (
				D72618B52B8744C700DCD1A3 /* libBullet3Common.a in Frameworks */,
			);
			runOnlyForDeploymentPostprocessing = 0;
		};
		D72618AD2B8741C400DCD1A3 /* Frameworks */ = {
			isa = PBXFrameworksBuildPhase;
			buildActionMask = 2147483647;
			files = (
				D72618BA2B87453400DCD1A3 /* libBullet3Common.a in Frameworks */,
			);
			runOnlyForDeploymentPostprocessing = 0;
		};
/* End PBXFrameworksBuildPhase section */

/* Begin PBXGroup section */
		D72618B32B8744C700DCD1A3 /* Frameworks */ = {
			isa = PBXGroup;
			children = (
				D72618B92B87453400DCD1A3 /* libBullet3Common.a */,
				D72618B42B8744C700DCD1A3 /* libBullet3Common.a */,
			);
			name = Frameworks;
			sourceTree = "<group>";
		};
		D7EA5FAF2B84994300C175AD = {
			isa = PBXGroup;
			children = (
				D7EA5FB92B84994300C175AD /* Products */,
				D72618B32B8744C700DCD1A3 /* Frameworks */,
			);
			sourceTree = "<group>";
		};
		D7EA5FB92B84994300C175AD /* Products */ = {
			isa = PBXGroup;
			children = (
				D72618A72B8741A900DCD1A3 /* libEDEN_Physics_Debug.a */,
				D72618AF2B8741C400DCD1A3 /* libEDEN_Physics_Release.a */,
			);
			name = Products;
			sourceTree = "<group>";
		};
/* End PBXGroup section */

/* Begin PBXHeadersBuildPhase section */
		D72618A32B8741A900DCD1A3 /* Headers */ = {
			isa = PBXHeadersBuildPhase;
			buildActionMask = 2147483647;
			files = (
			);
			runOnlyForDeploymentPostprocessing = 0;
		};
		D72618AB2B8741C400DCD1A3 /* Headers */ = {
			isa = PBXHeadersBuildPhase;
			buildActionMask = 2147483647;
			files = (
			);
			runOnlyForDeploymentPostprocessing = 0;
		};
/* End PBXHeadersBuildPhase section */

/* Begin PBXNativeTarget section */
		D72618A62B8741A900DCD1A3 /* EDEN_Physics_Debug */ = {
			isa = PBXNativeTarget;
			buildConfigurationList = D72618A82B8741A900DCD1A3 /* Build configuration list for PBXNativeTarget "EDEN_Physics_Debug" */;
			buildPhases = (
				D72618A32B8741A900DCD1A3 /* Headers */,
				D72618A42B8741A900DCD1A3 /* Sources */,
				D72618A52B8741A900DCD1A3 /* Frameworks */,
			);
			buildRules = (
			);
			dependencies = (
			);
			name = EDEN_Physics_Debug;
			productName = EDEN_Physics_Debug;
			productReference = D72618A72B8741A900DCD1A3 /* libEDEN_Physics_Debug.a */;
			productType = "com.apple.product-type.library.static";
		};
		D72618AE2B8741C400DCD1A3 /* EDEN_Physics_Release */ = {
			isa = PBXNativeTarget;
			buildConfigurationList = D72618B02B8741C400DCD1A3 /* Build configuration list for PBXNativeTarget "EDEN_Physics_Release" */;
			buildPhases = (
				D72618AB2B8741C400DCD1A3 /* Headers */,
				D72618AC2B8741C400DCD1A3 /* Sources */,
				D72618AD2B8741C400DCD1A3 /* Frameworks */,
			);
			buildRules = (
			);
			dependencies = (
			);
			name = EDEN_Physics_Release;
			productName = EDEN_Physics_Release;
			productReference = D72618AF2B8741C400DCD1A3 /* libEDEN_Physics_Release.a */;
			productType = "com.apple.product-type.library.static";
		};
/* End PBXNativeTarget section */

/* Begin PBXProject section */
		D7EA5FB02B84994300C175AD /* Project object */ = {
			isa = PBXProject;
			attributes = {
				BuildIndependentTargetsInParallel = 1;
				LastUpgradeCheck = 1520;
				TargetAttributes = {
					D72618A62B8741A900DCD1A3 = {
						CreatedOnToolsVersion = 15.2;
					};
					D72618AE2B8741C400DCD1A3 = {
						CreatedOnToolsVersion = 15.2;
					};
				};
			};
			buildConfigurationList = D7EA5FB32B84994300C175AD /* Build configuration list for PBXProject "EDEN_Physics" */;
			compatibilityVersion = "Xcode 14.0";
			developmentRegion = en;
			hasScannedForEncodings = 0;
			knownRegions = (
				en,
				Base,
			);
			mainGroup = D7EA5FAF2B84994300C175AD;
			productRefGroup = D7EA5FB92B84994300C175AD /* Products */;
			projectDirPath = "";
			projectRoot = "";
			targets = (
				D72618A62B8741A900DCD1A3 /* EDEN_Physics_Debug */,
				D72618AE2B8741C400DCD1A3 /* EDEN_Physics_Release */,
			);
		};
/* End PBXProject section */

/* Begin PBXSourcesBuildPhase section */
		D72618A42B8741A900DCD1A3 /* Sources */ = {
			isa = PBXSourcesBuildPhase;
			buildActionMask = 2147483647;
			files = (
			);
			runOnlyForDeploymentPostprocessing = 0;
		};
		D72618AC2B8741C400DCD1A3 /* Sources */ = {
			isa = PBXSourcesBuildPhase;
			buildActionMask = 2147483647;
			files = (
			);
			runOnlyForDeploymentPostprocessing = 0;
		};
/* End PBXSourcesBuildPhase section */

/* Begin XCBuildConfiguration section */
		D72618A92B8741A900DCD1A3 /* Debug */ = {
			isa = XCBuildConfiguration;
			buildSettings = {
				CODE_SIGN_STYLE = Automatic;
				EXECUTABLE_PREFIX = lib;
				PRODUCT_NAME = "$(TARGET_NAME)";
				SKIP_INSTALL = YES;
			};
			name = Debug;
		};
		D72618AA2B8741A900DCD1A3 /* Release */ = {
			isa = XCBuildConfiguration;
			buildSettings = {
				CODE_SIGN_STYLE = Automatic;
				EXECUTABLE_PREFIX = lib;
				PRODUCT_NAME = "$(TARGET_NAME)";
				SKIP_INSTALL = YES;
			};
			name = Release;
		};
		D72618B12B8741C400DCD1A3 /* Debug */ = {
			isa = XCBuildConfiguration;
			buildSettings = {
				CODE_SIGN_STYLE = Automatic;
				EXECUTABLE_PREFIX = lib;
				PRODUCT_NAME = "$(TARGET_NAME)";
				SKIP_INSTALL = YES;
			};
			name = Debug;
		};
		D72618B22B8741C400DCD1A3 /* Release */ = {
			isa = XCBuildConfiguration;
			buildSettings = {
				CODE_SIGN_STYLE = Automatic;
				EXECUTABLE_PREFIX = lib;
				PRODUCT_NAME = "$(TARGET_NAME)";
				SKIP_INSTALL = YES;
			};
			name = Release;
		};
		D7EA5FBA2B84994300C175AD /* Debug */ = {
			isa = XCBuildConfiguration;
			buildSettings = {
				ALWAYS_SEARCH_USER_PATHS = NO;
				ASSETCATALOG_COMPILER_GENERATE_SWIFT_ASSET_SYMBOL_EXTENSIONS = YES;
				CLANG_ANALYZER_NONNULL = YES;
				CLANG_ANALYZER_NUMBER_OBJECT_CONVERSION = YES_AGGRESSIVE;
				CLANG_CXX_LANGUAGE_STANDARD = "gnu++20";
				CLANG_ENABLE_MODULES = YES;
				CLANG_ENABLE_OBJC_ARC = YES;
				CLANG_ENABLE_OBJC_WEAK = YES;
				CLANG_WARN_BLOCK_CAPTURE_AUTORELEASING = YES;
				CLANG_WARN_BOOL_CONVERSION = YES;
				CLANG_WARN_COMMA = YES;
				CLANG_WARN_CONSTANT_CONVERSION = YES;
				CLANG_WARN_DEPRECATED_OBJC_IMPLEMENTATIONS = YES;
				CLANG_WARN_DIRECT_OBJC_ISA_USAGE = YES_ERROR;
				CLANG_WARN_DOCUMENTATION_COMMENTS = YES;
				CLANG_WARN_EMPTY_BODY = YES;
				CLANG_WARN_ENUM_CONVERSION = YES;
				CLANG_WARN_INFINITE_RECURSION = YES;
				CLANG_WARN_INT_CONVERSION = YES;
				CLANG_WARN_NON_LITERAL_NULL_CONVERSION = YES;
				CLANG_WARN_OBJC_IMPLICIT_RETAIN_SELF = YES;
				CLANG_WARN_OBJC_LITERAL_CONVERSION = YES;
				CLANG_WARN_OBJC_ROOT_CLASS = YES_ERROR;
				CLANG_WARN_QUOTED_INCLUDE_IN_FRAMEWORK_HEADER = YES;
				CLANG_WARN_RANGE_LOOP_ANALYSIS = YES;
				CLANG_WARN_STRICT_PROTOTYPES = YES;
				CLANG_WARN_SUSPICIOUS_MOVE = YES;
				CLANG_WARN_UNGUARDED_AVAILABILITY = YES_AGGRESSIVE;
				CLANG_WARN_UNREACHABLE_CODE = YES;
				CLANG_WARN__DUPLICATE_METHOD_MATCH = YES;
				COPY_PHASE_STRIP = NO;
				DEBUG_INFORMATION_FORMAT = dwarf;
				ENABLE_STRICT_OBJC_MSGSEND = YES;
				ENABLE_TESTABILITY = YES;
				ENABLE_USER_SCRIPT_SANDBOXING = YES;
				GCC_C_LANGUAGE_STANDARD = gnu17;
				GCC_DYNAMIC_NO_PIC = NO;
				GCC_NO_COMMON_BLOCKS = YES;
				GCC_OPTIMIZATION_LEVEL = 0;
				GCC_PREPROCESSOR_DEFINITIONS = (
					"DEBUG=1",
					"$(inherited)",
				);
				GCC_WARN_64_TO_32_BIT_CONVERSION = YES;
				GCC_WARN_ABOUT_RETURN_TYPE = YES_ERROR;
				GCC_WARN_UNDECLARED_SELECTOR = YES;
				GCC_WARN_UNINITIALIZED_AUTOS = YES_AGGRESSIVE;
				GCC_WARN_UNUSED_FUNCTION = YES;
				GCC_WARN_UNUSED_VARIABLE = YES;
				HEADER_SEARCH_PATHS = ../../dependencies/Bullet/src/src;
				LIBRARY_SEARCH_PATHS = ../../dependencies/Bullet/build/src/Bullet3Common/Debug;
				LOCALIZATION_PREFERS_STRING_CATALOGS = YES;
				MACOSX_DEPLOYMENT_TARGET = 14.2;
				MTL_ENABLE_DEBUG_INFO = INCLUDE_SOURCE;
				MTL_FAST_MATH = YES;
				ONLY_ACTIVE_ARCH = YES;
				SDKROOT = macosx;
			};
			name = Debug;
		};
		D7EA5FBB2B84994300C175AD /* Release */ = {
			isa = XCBuildConfiguration;
			buildSettings = {
				ALWAYS_SEARCH_USER_PATHS = NO;
				ASSETCATALOG_COMPILER_GENERATE_SWIFT_ASSET_SYMBOL_EXTENSIONS = YES;
				CLANG_ANALYZER_NONNULL = YES;
				CLANG_ANALYZER_NUMBER_OBJECT_CONVERSION = YES_AGGRESSIVE;
				CLANG_CXX_LANGUAGE_STANDARD = "gnu++20";
				CLANG_ENABLE_MODULES = YES;
				CLANG_ENABLE_OBJC_ARC = YES;
				CLANG_ENABLE_OBJC_WEAK = YES;
				CLANG_WARN_BLOCK_CAPTURE_AUTORELEASING = YES;
				CLANG_WARN_BOOL_CONVERSION = YES;
				CLANG_WARN_COMMA = YES;
				CLANG_WARN_CONSTANT_CONVERSION = YES;
				CLANG_WARN_DEPRECATED_OBJC_IMPLEMENTATIONS = YES;
				CLANG_WARN_DIRECT_OBJC_ISA_USAGE = YES_ERROR;
				CLANG_WARN_DOCUMENTATION_COMMENTS = YES;
				CLANG_WARN_EMPTY_BODY = YES;
				CLANG_WARN_ENUM_CONVERSION = YES;
				CLANG_WARN_INFINITE_RECURSION = YES;
				CLANG_WARN_INT_CONVERSION = YES;
				CLANG_WARN_NON_LITERAL_NULL_CONVERSION = YES;
				CLANG_WARN_OBJC_IMPLICIT_RETAIN_SELF = YES;
				CLANG_WARN_OBJC_LITERAL_CONVERSION = YES;
				CLANG_WARN_OBJC_ROOT_CLASS = YES_ERROR;
				CLANG_WARN_QUOTED_INCLUDE_IN_FRAMEWORK_HEADER = YES;
				CLANG_WARN_RANGE_LOOP_ANALYSIS = YES;
				CLANG_WARN_STRICT_PROTOTYPES = YES;
				CLANG_WARN_SUSPICIOUS_MOVE = YES;
				CLANG_WARN_UNGUARDED_AVAILABILITY = YES_AGGRESSIVE;
				CLANG_WARN_UNREACHABLE_CODE = YES;
				CLANG_WARN__DUPLICATE_METHOD_MATCH = YES;
				COPY_PHASE_STRIP = NO;
				DEBUG_INFORMATION_FORMAT = "dwarf-with-dsym";
				ENABLE_NS_ASSERTIONS = NO;
				ENABLE_STRICT_OBJC_MSGSEND = YES;
				ENABLE_USER_SCRIPT_SANDBOXING = YES;
				GCC_C_LANGUAGE_STANDARD = gnu17;
				GCC_NO_COMMON_BLOCKS = YES;
				GCC_WARN_64_TO_32_BIT_CONVERSION = YES;
				GCC_WARN_ABOUT_RETURN_TYPE = YES_ERROR;
				GCC_WARN_UNDECLARED_SELECTOR = YES;
				GCC_WARN_UNINITIALIZED_AUTOS = YES_AGGRESSIVE;
				GCC_WARN_UNUSED_FUNCTION = YES;
				GCC_WARN_UNUSED_VARIABLE = YES;
				HEADER_SEARCH_PATHS = ../../dependencies/Bullet/src/src;
				LIBRARY_SEARCH_PATHS = ../../dependencies/Bullet/build/src/Bullet3Common/Release;
				LOCALIZATION_PREFERS_STRING_CATALOGS = YES;
				MACOSX_DEPLOYMENT_TARGET = 14.2;
				MTL_ENABLE_DEBUG_INFO = NO;
				MTL_FAST_MATH = YES;
				SDKROOT = macosx;
			};
			name = Release;
		};
/* End XCBuildConfiguration section */

/* Begin XCConfigurationList section */
		D72618A82B8741A900DCD1A3 /* Build configuration list for PBXNativeTarget "EDEN_Physics_Debug" */ = {
			isa = XCConfigurationList;
			buildConfigurations = (
				D72618A92B8741A900DCD1A3 /* Debug */,
				D72618AA2B8741A900DCD1A3 /* Release */,
			);
			defaultConfigurationIsVisible = 0;
			defaultConfigurationName = Release;
		};
		D72618B02B8741C400DCD1A3 /* Build configuration list for PBXNativeTarget "EDEN_Physics_Release" */ = {
			isa = XCConfigurationList;
			buildConfigurations = (
				D72618B12B8741C400DCD1A3 /* Debug */,
				D72618B22B8741C400DCD1A3 /* Release */,
			);
			defaultConfigurationIsVisible = 0;
			defaultConfigurationName = Release;
		};
		D7EA5FB32B84994300C175AD /* Build configuration list for PBXProject "EDEN_Physics" */ = {
			isa = XCConfigurationList;
			buildConfigurations = (
				D7EA5FBA2B84994300C175AD /* Debug */,
				D7EA5FBB2B84994300C175AD /* Release */,
			);
			defaultConfigurationIsVisible = 0;
			defaultConfigurationName = Release;
		};
/* End XCConfigurationList section */
	};
	rootObject = D7EA5FB02B84994300C175AD /* Project object */;
}
