<?xml version="1.0" encoding="utf-8"?>
<Project ToolsVersion="4.0" xmlns="http://schemas.microsoft.com/developer/msbuild/2003">
  <ItemGroup>
    <ClCompile Include="..\..\src\EDEN_Debug\DebugDrawer.cpp" />
    <ClCompile Include="..\..\src\EDEN_Debug\Debug.cpp" />
  </ItemGroup>
  <ItemGroup>
    <ClInclude Include="..\..\src\EDEN_Debug\DebugDrawer.h" />
    <ClInclude Include="..\..\src\EDEN_Debug\Debug.h" />
  </ItemGroup>
</Project>